Microsoft Visual Studio Solution File, Format Version 11.00
# Visual Studio 2010
Project("{8BC9CEB8-8B4A-11D0-8D11-00A0C91BC942}") = "thread", "thread\thread.vcxproj", "{5F629934-ED68-4D38-9BA5-CF3A139A44A1}"
EndProject
Project("{8BC9CEB8-8B4A-11D0-8D11-00A0C91BC942}") = "region", "region\region.vcxproj", "{14A47432-7AB8-4CA1-A36E-81117AABFD2C}"
EndProject
Project("{8BC9CEB8-8B4A-11D0-8D11-00A0C91BC942}") = "win-system", "win-system\win-system.vcxproj", "{56EADC5B-9C2C-431C-9275-98FE9088518B}"
EndProject
Project("{8BC9CEB8-8B4A-11D0-8D11-00A0C91BC942}") = "network", "network\network.vcxproj", "{9D22D911-02A4-4497-8C15-0BA34C6CA1FB}"
EndProject
Project("{8BC9CEB8-8B4A-11D0-8D11-00A0C91BC942}") = "config-lib", "config-lib\config-lib.vcxproj", "{879BD0D5-A4C5-40A3-8DC5-0A1BB6E616C7}"
EndProject
Project("{8BC9CEB8-8B4A-11D0-8D11-00A0C91BC942}") = "wsconfig-lib", "wsconfig-lib\wsconfig-lib.vcxproj", "{C5041D03-4C03-4386-AE20-D6ED78215C00}"
EndProject
Project("{8BC9CEB8-8B4A-11D0-8D11-00A0C91BC942}") = "util", "util\util.vcxproj", "{E45BF60D-C8FD-4F07-A307-25596BE1D256}"
EndProject
Project("{8BC9CEB8-8B4A-11D0-8D11-00A0C91BC942}") = "gui", "gui\gui.vcxproj", "{97D4F12A-916C-4CB2-B4D9-F0D35128065A}"
EndProject
Project("{8BC9CEB8-8B4A-11D0-8D11-00A0C91BC942}") = "ft-server-lib", "ft-server-lib\ft-server-lib.vcxproj", "{FC59C632-8CE0-41EF-94E2-F6B982970525}"
EndProject
Project("{8BC9CEB8-8B4A-11D0-8D11-00A0C91BC942}") = "ft-client-lib", "ft-client-lib\ft-client-lib.vcxproj", "{DE53A4A7-A76F-4B7F-8104-8C5ECB836BD1}"
EndProject
Project("{8BC9CEB8-8B4A-11D0-8D11-00A0C91BC942}") = "ft-common", "ft-common\ft-common.vcxproj", "{469C12D6-1A5A-42EE-A30B-47B6BB2F49EF}"
EndProject
Project("{8BC9CEB8-8B4A-11D0-8D11-00A0C91BC942}") = "server-config-lib", "server-config-lib\server-config-lib.vcxproj", "{8EAFB5BE-620C-4AB1-88C2-E4AE9FD59BE5}"
EndProject
Project("{8BC9CEB8-8B4A-11D0-8D11-00A0C91BC942}") = "client-config-lib", "client-config-lib\client-config-lib.vcxproj", "{97B29C1C-A911-41AB-9C88-019D9D827BFE}"
EndProject
Project("{8BC9CEB8-8B4A-11D0-8D11-00A0C91BC942}") = "io-lib", "io-lib\io-lib.vcxproj", "{BBBC0986-6499-483D-A608-905D6930C55A}"
EndProject
Project("{8BC9CEB8-8B4A-11D0-8D11-00A0C91BC942}") = "desktop-ipc", "desktop-ipc\desktop-ipc.vcxproj", "{9639AD53-190A-4F1C-BC73-07CBF8CB99F4}"
EndProject
Project("{8BC9CEB8-8B4A-11D0-8D11-00A0C91BC942}") = "desktop", "desktop\desktop.vcxproj", "{5E03D1B4-243D-4200-8714-0FFD67C69E02}"
EndProject
Project("{8BC9CEB8-8B4A-11D0-8D11-00A0C91BC942}") = "http-server-lib", "http-server-lib\http-server-lib.vcxproj", "{0050120D-9C47-496C-860D-C16B10D09C88}"
EndProject
Project("{8BC9CEB8-8B4A-11D0-8D11-00A0C91BC942}") = "rfb", "rfb\rfb.vcxproj", "{CEA92B3A-5467-4CC7-80A6-227891F96C05}"
EndProject
Project("{8BC9CEB8-8B4A-11D0-8D11-00A0C91BC942}") = "tvnserver-app", "tvnserver-app\tvnserver-app.vcxproj", "{EBFC3125-72A4-4029-9941-3BE9EE6444D5}"
	ProjectSection(ProjectDependencies) = postProject
		{1E316AB4-E681-4F2B-97A7-CD7DE904AF62} = {1E316AB4-E681-4F2B-97A7-CD7DE904AF62}
	EndProjectSection
EndProject
Project("{8BC9CEB8-8B4A-11D0-8D11-00A0C91BC942}") = "screenhooks", "screen-hooks\screenhooks.vcxproj", "{E8D778F5-2397-479F-AA43-67F5C067CDC8}"
EndProject
Project("{8BC9CEB8-8B4A-11D0-8D11-00A0C91BC942}") = "file-lib", "file-lib\file-lib.vcxproj", "{615B5B2E-792E-4883-BA75-763AEC249F8A}"
EndProject
Project("{8BC9CEB8-8B4A-11D0-8D11-00A0C91BC942}") = "zlib", "zlib\zlib.vcxproj", "{F9597C92-5D25-4A3C-BAD6-8A2566FDDD6F}"
EndProject
Project("{8BC9CEB8-8B4A-11D0-8D11-00A0C91BC942}") = "fb-update-sender", "fb-update-sender\fb-update-sender.vcxproj", "{A65753BB-4671-4A1D-A4ED-09CF308DE352}"
EndProject
Project("{8BC9CEB8-8B4A-11D0-8D11-00A0C91BC942}") = "rfb-sconn", "rfb-sconn\rfb-sconn.vcxproj", "{5EA5D675-A827-4CC5-8B2A-5639119E3185}"
EndProject
Project("{8BC9CEB8-8B4A-11D0-8D11-00A0C91BC942}") = "tvncontrol-app", "tvncontrol-app\tvncontrol-app.vcxproj", "{FC19FFE8-6294-4F1A-8D7A-281C93C5C040}"
EndProject
Project("{8BC9CEB8-8B4A-11D0-8D11-00A0C91BC942}") = "tvnserver", "tvnserver\tvnserver.vcxproj", "{D622BCC0-80B6-452E-8C34-9E7A27633C8F}"
EndProject
Project("{8BC9CEB8-8B4A-11D0-8D11-00A0C91BC942}") = "log-server", "log-server\log-server.vcxproj", "{7D22B0DC-D240-47DB-AC6B-165AE3C0C54D}"
EndProject
Project("{8BC9CEB8-8B4A-11D0-8D11-00A0C91BC942}") = "viewer-keysym-test", "viewer-keysym-test\viewer-keysym-test.vcxproj", "{10B3F744-B1B4-41FA-90D5-BC630CB19B6B}"
EndProject
Project("{8BC9CEB8-8B4A-11D0-8D11-00A0C91BC942}") = "hookldr", "hookldr\hookldr.vcxproj", "{56582A52-348B-401B-A0FE-EC799AE6D0AC}"
EndProject
Project("{8BC9CEB8-8B4A-11D0-8D11-00A0C91BC942}") = "win-event-log", "win-event-log\win-event-log.vcxproj", "{1E316AB4-E681-4F2B-97A7-CD7DE904AF62}"
EndProject
Project("{8BC9CEB8-8B4A-11D0-8D11-00A0C91BC942}") = "tcp-dispatcher", "tcp-dispatcher\tcp-dispatcher.vcxproj", "{9A7033FA-6263-425D-83BF-A1D9F48BA997}"
EndProject
Project("{8BC9CEB8-8B4A-11D0-8D11-00A0C91BC942}") = "tvnviewer", "tvnviewer\tvnviewer.vcxproj", "{082F71AD-CDF6-44DE-84F7-9D2D16784B23}"
	ProjectSection(ProjectDependencies) = postProject
		{4793826B-B077-4D75-A36C-66C9724C08F4} = {4793826B-B077-4D75-A36C-66C9724C08F4}
	EndProjectSection
EndProject
Project("{8BC9CEB8-8B4A-11D0-8D11-00A0C91BC942}") = "viewer-core", "viewer-core\viewer-core.vcxproj", "{3EA91983-D9EB-4369-8167-130122BFDF07}"
	ProjectSection(ProjectDependencies) = postProject
		{4793826B-B077-4D75-A36C-66C9724C08F4} = {4793826B-B077-4D75-A36C-66C9724C08F4}
	EndProjectSection
EndProject
Project("{8BC9CEB8-8B4A-11D0-8D11-00A0C91BC942}") = "log-writer", "log-writer\log-writer.vcxproj", "{F9A69A98-B750-4242-B6AF-DE87E4201216}"
EndProject
Project("{8BC9CEB8-8B4A-11D0-8D11-00A0C91BC942}") = "setup-helper", "setup-helper\setup-helper.vcxproj", "{A4EEC45B-21D0-4FBE-82F7-DF30ED746487}"
EndProject
Project("{8BC9CEB8-8B4A-11D0-8D11-00A0C91BC942}") = "libjpeg", "libjpeg\libjpeg.vcxproj", "{4793826B-B077-4D75-A36C-66C9724C08F4}"
EndProject
Global
	GlobalSection(SolutionConfigurationPlatforms) = preSolution
		Debug|Win32 = Debug|Win32
		Debug|x64 = Debug|x64
		DebugNoUnicode|Win32 = DebugNoUnicode|Win32
		DebugNoUnicode|x64 = DebugNoUnicode|x64
		Release|Win32 = Release|Win32
		Release|x64 = Release|x64
		ReleaseNoUnicode|Win32 = ReleaseNoUnicode|Win32
		ReleaseNoUnicode|x64 = ReleaseNoUnicode|x64
	EndGlobalSection
	GlobalSection(ProjectConfigurationPlatforms) = postSolution
		{5F629934-ED68-4D38-9BA5-CF3A139A44A1}.Debug|Win32.ActiveCfg = Debug|Win32
		{5F629934-ED68-4D38-9BA5-CF3A139A44A1}.Debug|Win32.Build.0 = Debug|Win32
		{5F629934-ED68-4D38-9BA5-CF3A139A44A1}.Debug|x64.ActiveCfg = Debug|x64
		{5F629934-ED68-4D38-9BA5-CF3A139A44A1}.Debug|x64.Build.0 = Debug|x64
		{5F629934-ED68-4D38-9BA5-CF3A139A44A1}.DebugNoUnicode|Win32.ActiveCfg = DebugNoUnicode|Win32
		{5F629934-ED68-4D38-9BA5-CF3A139A44A1}.DebugNoUnicode|Win32.Build.0 = DebugNoUnicode|Win32
		{5F629934-ED68-4D38-9BA5-CF3A139A44A1}.DebugNoUnicode|x64.ActiveCfg = DebugNoUnicode|x64
		{5F629934-ED68-4D38-9BA5-CF3A139A44A1}.DebugNoUnicode|x64.Build.0 = DebugNoUnicode|x64
		{5F629934-ED68-4D38-9BA5-CF3A139A44A1}.Release|Win32.ActiveCfg = Release|Win32
		{5F629934-ED68-4D38-9BA5-CF3A139A44A1}.Release|Win32.Build.0 = Release|Win32
		{5F629934-ED68-4D38-9BA5-CF3A139A44A1}.Release|x64.ActiveCfg = Release|x64
		{5F629934-ED68-4D38-9BA5-CF3A139A44A1}.Release|x64.Build.0 = Release|x64
		{5F629934-ED68-4D38-9BA5-CF3A139A44A1}.ReleaseNoUnicode|Win32.ActiveCfg = ReleaseNoUnicode|Win32
		{5F629934-ED68-4D38-9BA5-CF3A139A44A1}.ReleaseNoUnicode|Win32.Build.0 = ReleaseNoUnicode|Win32
		{5F629934-ED68-4D38-9BA5-CF3A139A44A1}.ReleaseNoUnicode|x64.ActiveCfg = ReleaseNoUnicode|x64
		{5F629934-ED68-4D38-9BA5-CF3A139A44A1}.ReleaseNoUnicode|x64.Build.0 = ReleaseNoUnicode|x64
		{14A47432-7AB8-4CA1-A36E-81117AABFD2C}.Debug|Win32.ActiveCfg = Debug|Win32
		{14A47432-7AB8-4CA1-A36E-81117AABFD2C}.Debug|Win32.Build.0 = Debug|Win32
		{14A47432-7AB8-4CA1-A36E-81117AABFD2C}.Debug|x64.ActiveCfg = Debug|x64
		{14A47432-7AB8-4CA1-A36E-81117AABFD2C}.Debug|x64.Build.0 = Debug|x64
		{14A47432-7AB8-4CA1-A36E-81117AABFD2C}.DebugNoUnicode|Win32.ActiveCfg = DebugNoUnicode|Win32
		{14A47432-7AB8-4CA1-A36E-81117AABFD2C}.DebugNoUnicode|Win32.Build.0 = DebugNoUnicode|Win32
		{14A47432-7AB8-4CA1-A36E-81117AABFD2C}.DebugNoUnicode|x64.ActiveCfg = DebugNoUnicode|x64
		{14A47432-7AB8-4CA1-A36E-81117AABFD2C}.DebugNoUnicode|x64.Build.0 = DebugNoUnicode|x64
		{14A47432-7AB8-4CA1-A36E-81117AABFD2C}.Release|Win32.ActiveCfg = Release|Win32
		{14A47432-7AB8-4CA1-A36E-81117AABFD2C}.Release|Win32.Build.0 = Release|Win32
		{14A47432-7AB8-4CA1-A36E-81117AABFD2C}.Release|x64.ActiveCfg = Release|x64
		{14A47432-7AB8-4CA1-A36E-81117AABFD2C}.Release|x64.Build.0 = Release|x64
		{14A47432-7AB8-4CA1-A36E-81117AABFD2C}.ReleaseNoUnicode|Win32.ActiveCfg = ReleaseNoUnicode|Win32
		{14A47432-7AB8-4CA1-A36E-81117AABFD2C}.ReleaseNoUnicode|Win32.Build.0 = ReleaseNoUnicode|Win32
		{14A47432-7AB8-4CA1-A36E-81117AABFD2C}.ReleaseNoUnicode|x64.ActiveCfg = ReleaseNoUnicode|x64
		{14A47432-7AB8-4CA1-A36E-81117AABFD2C}.ReleaseNoUnicode|x64.Build.0 = ReleaseNoUnicode|x64
		{56EADC5B-9C2C-431C-9275-98FE9088518B}.Debug|Win32.ActiveCfg = Debug|Win32
		{56EADC5B-9C2C-431C-9275-98FE9088518B}.Debug|Win32.Build.0 = Debug|Win32
		{56EADC5B-9C2C-431C-9275-98FE9088518B}.Debug|x64.ActiveCfg = Debug|x64
		{56EADC5B-9C2C-431C-9275-98FE9088518B}.Debug|x64.Build.0 = Debug|x64
		{56EADC5B-9C2C-431C-9275-98FE9088518B}.DebugNoUnicode|Win32.ActiveCfg = DebugNoUnicode|Win32
		{56EADC5B-9C2C-431C-9275-98FE9088518B}.DebugNoUnicode|Win32.Build.0 = DebugNoUnicode|Win32
		{56EADC5B-9C2C-431C-9275-98FE9088518B}.DebugNoUnicode|x64.ActiveCfg = DebugNoUnicode|x64
		{56EADC5B-9C2C-431C-9275-98FE9088518B}.DebugNoUnicode|x64.Build.0 = DebugNoUnicode|x64
		{56EADC5B-9C2C-431C-9275-98FE9088518B}.Release|Win32.ActiveCfg = Release|Win32
		{56EADC5B-9C2C-431C-9275-98FE9088518B}.Release|Win32.Build.0 = Release|Win32
		{56EADC5B-9C2C-431C-9275-98FE9088518B}.Release|x64.ActiveCfg = Release|x64
		{56EADC5B-9C2C-431C-9275-98FE9088518B}.Release|x64.Build.0 = Release|x64
		{56EADC5B-9C2C-431C-9275-98FE9088518B}.ReleaseNoUnicode|Win32.ActiveCfg = ReleaseNoUnicode|Win32
		{56EADC5B-9C2C-431C-9275-98FE9088518B}.ReleaseNoUnicode|Win32.Build.0 = ReleaseNoUnicode|Win32
		{56EADC5B-9C2C-431C-9275-98FE9088518B}.ReleaseNoUnicode|x64.ActiveCfg = ReleaseNoUnicode|x64
		{56EADC5B-9C2C-431C-9275-98FE9088518B}.ReleaseNoUnicode|x64.Build.0 = ReleaseNoUnicode|x64
		{9D22D911-02A4-4497-8C15-0BA34C6CA1FB}.Debug|Win32.ActiveCfg = Debug|Win32
		{9D22D911-02A4-4497-8C15-0BA34C6CA1FB}.Debug|Win32.Build.0 = Debug|Win32
		{9D22D911-02A4-4497-8C15-0BA34C6CA1FB}.Debug|x64.ActiveCfg = Debug|x64
		{9D22D911-02A4-4497-8C15-0BA34C6CA1FB}.Debug|x64.Build.0 = Debug|x64
		{9D22D911-02A4-4497-8C15-0BA34C6CA1FB}.DebugNoUnicode|Win32.ActiveCfg = DebugNoUnicode|Win32
		{9D22D911-02A4-4497-8C15-0BA34C6CA1FB}.DebugNoUnicode|Win32.Build.0 = DebugNoUnicode|Win32
		{9D22D911-02A4-4497-8C15-0BA34C6CA1FB}.DebugNoUnicode|x64.ActiveCfg = DebugNoUnicode|x64
		{9D22D911-02A4-4497-8C15-0BA34C6CA1FB}.DebugNoUnicode|x64.Build.0 = DebugNoUnicode|x64
		{9D22D911-02A4-4497-8C15-0BA34C6CA1FB}.Release|Win32.ActiveCfg = Release|Win32
		{9D22D911-02A4-4497-8C15-0BA34C6CA1FB}.Release|Win32.Build.0 = Release|Win32
		{9D22D911-02A4-4497-8C15-0BA34C6CA1FB}.Release|x64.ActiveCfg = Release|x64
		{9D22D911-02A4-4497-8C15-0BA34C6CA1FB}.Release|x64.Build.0 = Release|x64
		{9D22D911-02A4-4497-8C15-0BA34C6CA1FB}.ReleaseNoUnicode|Win32.ActiveCfg = ReleaseNoUnicode|Win32
		{9D22D911-02A4-4497-8C15-0BA34C6CA1FB}.ReleaseNoUnicode|Win32.Build.0 = ReleaseNoUnicode|Win32
		{9D22D911-02A4-4497-8C15-0BA34C6CA1FB}.ReleaseNoUnicode|x64.ActiveCfg = ReleaseNoUnicode|x64
		{9D22D911-02A4-4497-8C15-0BA34C6CA1FB}.ReleaseNoUnicode|x64.Build.0 = ReleaseNoUnicode|x64
		{879BD0D5-A4C5-40A3-8DC5-0A1BB6E616C7}.Debug|Win32.ActiveCfg = Debug|Win32
		{879BD0D5-A4C5-40A3-8DC5-0A1BB6E616C7}.Debug|Win32.Build.0 = Debug|Win32
		{879BD0D5-A4C5-40A3-8DC5-0A1BB6E616C7}.Debug|x64.ActiveCfg = Debug|x64
		{879BD0D5-A4C5-40A3-8DC5-0A1BB6E616C7}.Debug|x64.Build.0 = Debug|x64
		{879BD0D5-A4C5-40A3-8DC5-0A1BB6E616C7}.DebugNoUnicode|Win32.ActiveCfg = DebugNoUnicode|Win32
		{879BD0D5-A4C5-40A3-8DC5-0A1BB6E616C7}.DebugNoUnicode|Win32.Build.0 = DebugNoUnicode|Win32
		{879BD0D5-A4C5-40A3-8DC5-0A1BB6E616C7}.DebugNoUnicode|x64.ActiveCfg = DebugNoUnicode|x64
		{879BD0D5-A4C5-40A3-8DC5-0A1BB6E616C7}.DebugNoUnicode|x64.Build.0 = DebugNoUnicode|x64
		{879BD0D5-A4C5-40A3-8DC5-0A1BB6E616C7}.Release|Win32.ActiveCfg = Release|Win32
		{879BD0D5-A4C5-40A3-8DC5-0A1BB6E616C7}.Release|Win32.Build.0 = Release|Win32
		{879BD0D5-A4C5-40A3-8DC5-0A1BB6E616C7}.Release|x64.ActiveCfg = Release|x64
		{879BD0D5-A4C5-40A3-8DC5-0A1BB6E616C7}.Release|x64.Build.0 = Release|x64
		{879BD0D5-A4C5-40A3-8DC5-0A1BB6E616C7}.ReleaseNoUnicode|Win32.ActiveCfg = ReleaseNoUnicode|Win32
		{879BD0D5-A4C5-40A3-8DC5-0A1BB6E616C7}.ReleaseNoUnicode|Win32.Build.0 = ReleaseNoUnicode|Win32
		{879BD0D5-A4C5-40A3-8DC5-0A1BB6E616C7}.ReleaseNoUnicode|x64.ActiveCfg = ReleaseNoUnicode|x64
		{879BD0D5-A4C5-40A3-8DC5-0A1BB6E616C7}.ReleaseNoUnicode|x64.Build.0 = ReleaseNoUnicode|x64
		{C5041D03-4C03-4386-AE20-D6ED78215C00}.Debug|Win32.ActiveCfg = Debug|Win32
		{C5041D03-4C03-4386-AE20-D6ED78215C00}.Debug|Win32.Build.0 = Debug|Win32
		{C5041D03-4C03-4386-AE20-D6ED78215C00}.Debug|x64.ActiveCfg = Debug|x64
		{C5041D03-4C03-4386-AE20-D6ED78215C00}.Debug|x64.Build.0 = Debug|x64
		{C5041D03-4C03-4386-AE20-D6ED78215C00}.DebugNoUnicode|Win32.ActiveCfg = DebugNoUnicode|Win32
		{C5041D03-4C03-4386-AE20-D6ED78215C00}.DebugNoUnicode|Win32.Build.0 = DebugNoUnicode|Win32
		{C5041D03-4C03-4386-AE20-D6ED78215C00}.DebugNoUnicode|x64.ActiveCfg = DebugNoUnicode|x64
		{C5041D03-4C03-4386-AE20-D6ED78215C00}.DebugNoUnicode|x64.Build.0 = DebugNoUnicode|x64
		{C5041D03-4C03-4386-AE20-D6ED78215C00}.Release|Win32.ActiveCfg = Release|Win32
		{C5041D03-4C03-4386-AE20-D6ED78215C00}.Release|Win32.Build.0 = Release|Win32
		{C5041D03-4C03-4386-AE20-D6ED78215C00}.Release|x64.ActiveCfg = Release|x64
		{C5041D03-4C03-4386-AE20-D6ED78215C00}.Release|x64.Build.0 = Release|x64
		{C5041D03-4C03-4386-AE20-D6ED78215C00}.ReleaseNoUnicode|Win32.ActiveCfg = ReleaseNoUnicode|Win32
		{C5041D03-4C03-4386-AE20-D6ED78215C00}.ReleaseNoUnicode|Win32.Build.0 = ReleaseNoUnicode|Win32
		{C5041D03-4C03-4386-AE20-D6ED78215C00}.ReleaseNoUnicode|x64.ActiveCfg = ReleaseNoUnicode|x64
		{C5041D03-4C03-4386-AE20-D6ED78215C00}.ReleaseNoUnicode|x64.Build.0 = ReleaseNoUnicode|x64
		{E45BF60D-C8FD-4F07-A307-25596BE1D256}.Debug|Win32.ActiveCfg = Debug|Win32
		{E45BF60D-C8FD-4F07-A307-25596BE1D256}.Debug|Win32.Build.0 = Debug|Win32
		{E45BF60D-C8FD-4F07-A307-25596BE1D256}.Debug|x64.ActiveCfg = Debug|x64
		{E45BF60D-C8FD-4F07-A307-25596BE1D256}.Debug|x64.Build.0 = Debug|x64
		{E45BF60D-C8FD-4F07-A307-25596BE1D256}.DebugNoUnicode|Win32.ActiveCfg = DebugNoUnicode|Win32
		{E45BF60D-C8FD-4F07-A307-25596BE1D256}.DebugNoUnicode|Win32.Build.0 = DebugNoUnicode|Win32
		{E45BF60D-C8FD-4F07-A307-25596BE1D256}.DebugNoUnicode|x64.ActiveCfg = DebugNoUnicode|x64
		{E45BF60D-C8FD-4F07-A307-25596BE1D256}.DebugNoUnicode|x64.Build.0 = DebugNoUnicode|x64
		{E45BF60D-C8FD-4F07-A307-25596BE1D256}.Release|Win32.ActiveCfg = Release|Win32
		{E45BF60D-C8FD-4F07-A307-25596BE1D256}.Release|Win32.Build.0 = Release|Win32
		{E45BF60D-C8FD-4F07-A307-25596BE1D256}.Release|x64.ActiveCfg = Release|x64
		{E45BF60D-C8FD-4F07-A307-25596BE1D256}.Release|x64.Build.0 = Release|x64
		{E45BF60D-C8FD-4F07-A307-25596BE1D256}.ReleaseNoUnicode|Win32.ActiveCfg = ReleaseNoUnicode|Win32
		{E45BF60D-C8FD-4F07-A307-25596BE1D256}.ReleaseNoUnicode|Win32.Build.0 = ReleaseNoUnicode|Win32
		{E45BF60D-C8FD-4F07-A307-25596BE1D256}.ReleaseNoUnicode|x64.ActiveCfg = ReleaseNoUnicode|x64
		{E45BF60D-C8FD-4F07-A307-25596BE1D256}.ReleaseNoUnicode|x64.Build.0 = ReleaseNoUnicode|x64
		{97D4F12A-916C-4CB2-B4D9-F0D35128065A}.Debug|Win32.ActiveCfg = Debug|Win32
		{97D4F12A-916C-4CB2-B4D9-F0D35128065A}.Debug|Win32.Build.0 = Debug|Win32
		{97D4F12A-916C-4CB2-B4D9-F0D35128065A}.Debug|x64.ActiveCfg = Debug|x64
		{97D4F12A-916C-4CB2-B4D9-F0D35128065A}.Debug|x64.Build.0 = Debug|x64
		{97D4F12A-916C-4CB2-B4D9-F0D35128065A}.DebugNoUnicode|Win32.ActiveCfg = DebugNoUnicode|Win32
		{97D4F12A-916C-4CB2-B4D9-F0D35128065A}.DebugNoUnicode|Win32.Build.0 = DebugNoUnicode|Win32
		{97D4F12A-916C-4CB2-B4D9-F0D35128065A}.DebugNoUnicode|x64.ActiveCfg = DebugNoUnicode|x64
		{97D4F12A-916C-4CB2-B4D9-F0D35128065A}.DebugNoUnicode|x64.Build.0 = DebugNoUnicode|x64
		{97D4F12A-916C-4CB2-B4D9-F0D35128065A}.Release|Win32.ActiveCfg = Release|Win32
		{97D4F12A-916C-4CB2-B4D9-F0D35128065A}.Release|Win32.Build.0 = Release|Win32
		{97D4F12A-916C-4CB2-B4D9-F0D35128065A}.Release|x64.ActiveCfg = Release|x64
		{97D4F12A-916C-4CB2-B4D9-F0D35128065A}.Release|x64.Build.0 = Release|x64
		{97D4F12A-916C-4CB2-B4D9-F0D35128065A}.ReleaseNoUnicode|Win32.ActiveCfg = ReleaseNoUnicode|Win32
		{97D4F12A-916C-4CB2-B4D9-F0D35128065A}.ReleaseNoUnicode|Win32.Build.0 = ReleaseNoUnicode|Win32
		{97D4F12A-916C-4CB2-B4D9-F0D35128065A}.ReleaseNoUnicode|x64.ActiveCfg = ReleaseNoUnicode|x64
		{97D4F12A-916C-4CB2-B4D9-F0D35128065A}.ReleaseNoUnicode|x64.Build.0 = ReleaseNoUnicode|x64
		{FC59C632-8CE0-41EF-94E2-F6B982970525}.Debug|Win32.ActiveCfg = Debug|Win32
		{FC59C632-8CE0-41EF-94E2-F6B982970525}.Debug|Win32.Build.0 = Debug|Win32
		{FC59C632-8CE0-41EF-94E2-F6B982970525}.Debug|x64.ActiveCfg = Debug|x64
		{FC59C632-8CE0-41EF-94E2-F6B982970525}.Debug|x64.Build.0 = Debug|x64
		{FC59C632-8CE0-41EF-94E2-F6B982970525}.DebugNoUnicode|Win32.ActiveCfg = DebugNoUnicode|Win32
		{FC59C632-8CE0-41EF-94E2-F6B982970525}.DebugNoUnicode|Win32.Build.0 = DebugNoUnicode|Win32
		{FC59C632-8CE0-41EF-94E2-F6B982970525}.DebugNoUnicode|x64.ActiveCfg = DebugNoUnicode|x64
		{FC59C632-8CE0-41EF-94E2-F6B982970525}.DebugNoUnicode|x64.Build.0 = DebugNoUnicode|x64
		{FC59C632-8CE0-41EF-94E2-F6B982970525}.Release|Win32.ActiveCfg = Release|Win32
		{FC59C632-8CE0-41EF-94E2-F6B982970525}.Release|Win32.Build.0 = Release|Win32
		{FC59C632-8CE0-41EF-94E2-F6B982970525}.Release|x64.ActiveCfg = Release|x64
		{FC59C632-8CE0-41EF-94E2-F6B982970525}.Release|x64.Build.0 = Release|x64
		{FC59C632-8CE0-41EF-94E2-F6B982970525}.ReleaseNoUnicode|Win32.ActiveCfg = ReleaseNoUnicode|Win32
		{FC59C632-8CE0-41EF-94E2-F6B982970525}.ReleaseNoUnicode|Win32.Build.0 = ReleaseNoUnicode|Win32
		{FC59C632-8CE0-41EF-94E2-F6B982970525}.ReleaseNoUnicode|x64.ActiveCfg = ReleaseNoUnicode|x64
		{FC59C632-8CE0-41EF-94E2-F6B982970525}.ReleaseNoUnicode|x64.Build.0 = ReleaseNoUnicode|x64
		{DE53A4A7-A76F-4B7F-8104-8C5ECB836BD1}.Debug|Win32.ActiveCfg = Debug|Win32
		{DE53A4A7-A76F-4B7F-8104-8C5ECB836BD1}.Debug|Win32.Build.0 = Debug|Win32
		{DE53A4A7-A76F-4B7F-8104-8C5ECB836BD1}.Debug|x64.ActiveCfg = Debug|x64
		{DE53A4A7-A76F-4B7F-8104-8C5ECB836BD1}.Debug|x64.Build.0 = Debug|x64
		{DE53A4A7-A76F-4B7F-8104-8C5ECB836BD1}.DebugNoUnicode|Win32.ActiveCfg = DebugNoUnicode|Win32
		{DE53A4A7-A76F-4B7F-8104-8C5ECB836BD1}.DebugNoUnicode|Win32.Build.0 = DebugNoUnicode|Win32
		{DE53A4A7-A76F-4B7F-8104-8C5ECB836BD1}.DebugNoUnicode|x64.ActiveCfg = DebugNoUnicode|x64
		{DE53A4A7-A76F-4B7F-8104-8C5ECB836BD1}.DebugNoUnicode|x64.Build.0 = DebugNoUnicode|x64
		{DE53A4A7-A76F-4B7F-8104-8C5ECB836BD1}.Release|Win32.ActiveCfg = Release|Win32
		{DE53A4A7-A76F-4B7F-8104-8C5ECB836BD1}.Release|Win32.Build.0 = Release|Win32
		{DE53A4A7-A76F-4B7F-8104-8C5ECB836BD1}.Release|x64.ActiveCfg = Release|x64
		{DE53A4A7-A76F-4B7F-8104-8C5ECB836BD1}.Release|x64.Build.0 = Release|x64
		{DE53A4A7-A76F-4B7F-8104-8C5ECB836BD1}.ReleaseNoUnicode|Win32.ActiveCfg = ReleaseNoUnicode|Win32
		{DE53A4A7-A76F-4B7F-8104-8C5ECB836BD1}.ReleaseNoUnicode|Win32.Build.0 = ReleaseNoUnicode|Win32
		{DE53A4A7-A76F-4B7F-8104-8C5ECB836BD1}.ReleaseNoUnicode|x64.ActiveCfg = ReleaseNoUnicode|x64
		{DE53A4A7-A76F-4B7F-8104-8C5ECB836BD1}.ReleaseNoUnicode|x64.Build.0 = ReleaseNoUnicode|x64
		{469C12D6-1A5A-42EE-A30B-47B6BB2F49EF}.Debug|Win32.ActiveCfg = Debug|Win32
		{469C12D6-1A5A-42EE-A30B-47B6BB2F49EF}.Debug|Win32.Build.0 = Debug|Win32
		{469C12D6-1A5A-42EE-A30B-47B6BB2F49EF}.Debug|x64.ActiveCfg = Debug|x64
		{469C12D6-1A5A-42EE-A30B-47B6BB2F49EF}.Debug|x64.Build.0 = Debug|x64
		{469C12D6-1A5A-42EE-A30B-47B6BB2F49EF}.DebugNoUnicode|Win32.ActiveCfg = DebugNoUnicode|Win32
		{469C12D6-1A5A-42EE-A30B-47B6BB2F49EF}.DebugNoUnicode|Win32.Build.0 = DebugNoUnicode|Win32
		{469C12D6-1A5A-42EE-A30B-47B6BB2F49EF}.DebugNoUnicode|x64.ActiveCfg = DebugNoUnicode|x64
		{469C12D6-1A5A-42EE-A30B-47B6BB2F49EF}.DebugNoUnicode|x64.Build.0 = DebugNoUnicode|x64
		{469C12D6-1A5A-42EE-A30B-47B6BB2F49EF}.Release|Win32.ActiveCfg = Release|Win32
		{469C12D6-1A5A-42EE-A30B-47B6BB2F49EF}.Release|Win32.Build.0 = Release|Win32
		{469C12D6-1A5A-42EE-A30B-47B6BB2F49EF}.Release|x64.ActiveCfg = Release|x64
		{469C12D6-1A5A-42EE-A30B-47B6BB2F49EF}.Release|x64.Build.0 = Release|x64
		{469C12D6-1A5A-42EE-A30B-47B6BB2F49EF}.ReleaseNoUnicode|Win32.ActiveCfg = ReleaseNoUnicode|Win32
		{469C12D6-1A5A-42EE-A30B-47B6BB2F49EF}.ReleaseNoUnicode|Win32.Build.0 = ReleaseNoUnicode|Win32
		{469C12D6-1A5A-42EE-A30B-47B6BB2F49EF}.ReleaseNoUnicode|x64.ActiveCfg = ReleaseNoUnicode|x64
		{469C12D6-1A5A-42EE-A30B-47B6BB2F49EF}.ReleaseNoUnicode|x64.Build.0 = ReleaseNoUnicode|x64
		{8EAFB5BE-620C-4AB1-88C2-E4AE9FD59BE5}.Debug|Win32.ActiveCfg = Debug|Win32
		{8EAFB5BE-620C-4AB1-88C2-E4AE9FD59BE5}.Debug|Win32.Build.0 = Debug|Win32
		{8EAFB5BE-620C-4AB1-88C2-E4AE9FD59BE5}.Debug|x64.ActiveCfg = Debug|x64
		{8EAFB5BE-620C-4AB1-88C2-E4AE9FD59BE5}.Debug|x64.Build.0 = Debug|x64
		{8EAFB5BE-620C-4AB1-88C2-E4AE9FD59BE5}.DebugNoUnicode|Win32.ActiveCfg = DebugNoUnicode|Win32
		{8EAFB5BE-620C-4AB1-88C2-E4AE9FD59BE5}.DebugNoUnicode|Win32.Build.0 = DebugNoUnicode|Win32
		{8EAFB5BE-620C-4AB1-88C2-E4AE9FD59BE5}.DebugNoUnicode|x64.ActiveCfg = DebugNoUnicode|x64
		{8EAFB5BE-620C-4AB1-88C2-E4AE9FD59BE5}.DebugNoUnicode|x64.Build.0 = DebugNoUnicode|x64
		{8EAFB5BE-620C-4AB1-88C2-E4AE9FD59BE5}.Release|Win32.ActiveCfg = Release|Win32
		{8EAFB5BE-620C-4AB1-88C2-E4AE9FD59BE5}.Release|Win32.Build.0 = Release|Win32
		{8EAFB5BE-620C-4AB1-88C2-E4AE9FD59BE5}.Release|x64.ActiveCfg = Release|x64
		{8EAFB5BE-620C-4AB1-88C2-E4AE9FD59BE5}.Release|x64.Build.0 = Release|x64
		{8EAFB5BE-620C-4AB1-88C2-E4AE9FD59BE5}.ReleaseNoUnicode|Win32.ActiveCfg = ReleaseNoUnicode|Win32
		{8EAFB5BE-620C-4AB1-88C2-E4AE9FD59BE5}.ReleaseNoUnicode|Win32.Build.0 = ReleaseNoUnicode|Win32
		{8EAFB5BE-620C-4AB1-88C2-E4AE9FD59BE5}.ReleaseNoUnicode|x64.ActiveCfg = ReleaseNoUnicode|x64
		{8EAFB5BE-620C-4AB1-88C2-E4AE9FD59BE5}.ReleaseNoUnicode|x64.Build.0 = ReleaseNoUnicode|x64
		{97B29C1C-A911-41AB-9C88-019D9D827BFE}.Debug|Win32.ActiveCfg = Debug|Win32
		{97B29C1C-A911-41AB-9C88-019D9D827BFE}.Debug|Win32.Build.0 = Debug|Win32
		{97B29C1C-A911-41AB-9C88-019D9D827BFE}.Debug|x64.ActiveCfg = Debug|x64
		{97B29C1C-A911-41AB-9C88-019D9D827BFE}.Debug|x64.Build.0 = Debug|x64
		{97B29C1C-A911-41AB-9C88-019D9D827BFE}.DebugNoUnicode|Win32.ActiveCfg = DebugNoUnicode|Win32
		{97B29C1C-A911-41AB-9C88-019D9D827BFE}.DebugNoUnicode|Win32.Build.0 = DebugNoUnicode|Win32
		{97B29C1C-A911-41AB-9C88-019D9D827BFE}.DebugNoUnicode|x64.ActiveCfg = DebugNoUnicode|x64
		{97B29C1C-A911-41AB-9C88-019D9D827BFE}.DebugNoUnicode|x64.Build.0 = DebugNoUnicode|x64
		{97B29C1C-A911-41AB-9C88-019D9D827BFE}.Release|Win32.ActiveCfg = Release|Win32
		{97B29C1C-A911-41AB-9C88-019D9D827BFE}.Release|Win32.Build.0 = Release|Win32
		{97B29C1C-A911-41AB-9C88-019D9D827BFE}.Release|x64.ActiveCfg = Release|x64
		{97B29C1C-A911-41AB-9C88-019D9D827BFE}.Release|x64.Build.0 = Release|x64
		{97B29C1C-A911-41AB-9C88-019D9D827BFE}.ReleaseNoUnicode|Win32.ActiveCfg = ReleaseNoUnicode|Win32
		{97B29C1C-A911-41AB-9C88-019D9D827BFE}.ReleaseNoUnicode|Win32.Build.0 = ReleaseNoUnicode|Win32
		{97B29C1C-A911-41AB-9C88-019D9D827BFE}.ReleaseNoUnicode|x64.ActiveCfg = ReleaseNoUnicode|x64
		{97B29C1C-A911-41AB-9C88-019D9D827BFE}.ReleaseNoUnicode|x64.Build.0 = ReleaseNoUnicode|x64
		{BBBC0986-6499-483D-A608-905D6930C55A}.Debug|Win32.ActiveCfg = Debug|Win32
		{BBBC0986-6499-483D-A608-905D6930C55A}.Debug|Win32.Build.0 = Debug|Win32
		{BBBC0986-6499-483D-A608-905D6930C55A}.Debug|x64.ActiveCfg = Debug|x64
		{BBBC0986-6499-483D-A608-905D6930C55A}.Debug|x64.Build.0 = Debug|x64
		{BBBC0986-6499-483D-A608-905D6930C55A}.DebugNoUnicode|Win32.ActiveCfg = DebugNoUnicode|Win32
		{BBBC0986-6499-483D-A608-905D6930C55A}.DebugNoUnicode|Win32.Build.0 = DebugNoUnicode|Win32
		{BBBC0986-6499-483D-A608-905D6930C55A}.DebugNoUnicode|x64.ActiveCfg = DebugNoUnicode|x64
		{BBBC0986-6499-483D-A608-905D6930C55A}.DebugNoUnicode|x64.Build.0 = DebugNoUnicode|x64
		{BBBC0986-6499-483D-A608-905D6930C55A}.Release|Win32.ActiveCfg = Release|Win32
		{BBBC0986-6499-483D-A608-905D6930C55A}.Release|Win32.Build.0 = Release|Win32
		{BBBC0986-6499-483D-A608-905D6930C55A}.Release|x64.ActiveCfg = Release|x64
		{BBBC0986-6499-483D-A608-905D6930C55A}.Release|x64.Build.0 = Release|x64
		{BBBC0986-6499-483D-A608-905D6930C55A}.ReleaseNoUnicode|Win32.ActiveCfg = ReleaseNoUnicode|Win32
		{BBBC0986-6499-483D-A608-905D6930C55A}.ReleaseNoUnicode|Win32.Build.0 = ReleaseNoUnicode|Win32
		{BBBC0986-6499-483D-A608-905D6930C55A}.ReleaseNoUnicode|x64.ActiveCfg = ReleaseNoUnicode|x64
		{BBBC0986-6499-483D-A608-905D6930C55A}.ReleaseNoUnicode|x64.Build.0 = ReleaseNoUnicode|x64
		{9639AD53-190A-4F1C-BC73-07CBF8CB99F4}.Debug|Win32.ActiveCfg = Debug|Win32
		{9639AD53-190A-4F1C-BC73-07CBF8CB99F4}.Debug|Win32.Build.0 = Debug|Win32
		{9639AD53-190A-4F1C-BC73-07CBF8CB99F4}.Debug|x64.ActiveCfg = Debug|x64
		{9639AD53-190A-4F1C-BC73-07CBF8CB99F4}.Debug|x64.Build.0 = Debug|x64
		{9639AD53-190A-4F1C-BC73-07CBF8CB99F4}.DebugNoUnicode|Win32.ActiveCfg = DebugNoUnicode|Win32
		{9639AD53-190A-4F1C-BC73-07CBF8CB99F4}.DebugNoUnicode|Win32.Build.0 = DebugNoUnicode|Win32
		{9639AD53-190A-4F1C-BC73-07CBF8CB99F4}.DebugNoUnicode|x64.ActiveCfg = DebugNoUnicode|x64
		{9639AD53-190A-4F1C-BC73-07CBF8CB99F4}.DebugNoUnicode|x64.Build.0 = DebugNoUnicode|x64
		{9639AD53-190A-4F1C-BC73-07CBF8CB99F4}.Release|Win32.ActiveCfg = Release|Win32
		{9639AD53-190A-4F1C-BC73-07CBF8CB99F4}.Release|Win32.Build.0 = Release|Win32
		{9639AD53-190A-4F1C-BC73-07CBF8CB99F4}.Release|x64.ActiveCfg = Release|x64
		{9639AD53-190A-4F1C-BC73-07CBF8CB99F4}.Release|x64.Build.0 = Release|x64
		{9639AD53-190A-4F1C-BC73-07CBF8CB99F4}.ReleaseNoUnicode|Win32.ActiveCfg = ReleaseNoUnicode|Win32
		{9639AD53-190A-4F1C-BC73-07CBF8CB99F4}.ReleaseNoUnicode|Win32.Build.0 = ReleaseNoUnicode|Win32
		{9639AD53-190A-4F1C-BC73-07CBF8CB99F4}.ReleaseNoUnicode|x64.ActiveCfg = ReleaseNoUnicode|x64
		{9639AD53-190A-4F1C-BC73-07CBF8CB99F4}.ReleaseNoUnicode|x64.Build.0 = ReleaseNoUnicode|x64
		{5E03D1B4-243D-4200-8714-0FFD67C69E02}.Debug|Win32.ActiveCfg = Debug|Win32
		{5E03D1B4-243D-4200-8714-0FFD67C69E02}.Debug|Win32.Build.0 = Debug|Win32
		{5E03D1B4-243D-4200-8714-0FFD67C69E02}.Debug|x64.ActiveCfg = Debug|x64
		{5E03D1B4-243D-4200-8714-0FFD67C69E02}.Debug|x64.Build.0 = Debug|x64
		{5E03D1B4-243D-4200-8714-0FFD67C69E02}.DebugNoUnicode|Win32.ActiveCfg = DebugNoUnicode|Win32
		{5E03D1B4-243D-4200-8714-0FFD67C69E02}.DebugNoUnicode|Win32.Build.0 = DebugNoUnicode|Win32
		{5E03D1B4-243D-4200-8714-0FFD67C69E02}.DebugNoUnicode|x64.ActiveCfg = DebugNoUnicode|x64
		{5E03D1B4-243D-4200-8714-0FFD67C69E02}.DebugNoUnicode|x64.Build.0 = DebugNoUnicode|x64
		{5E03D1B4-243D-4200-8714-0FFD67C69E02}.Release|Win32.ActiveCfg = Release|Win32
		{5E03D1B4-243D-4200-8714-0FFD67C69E02}.Release|Win32.Build.0 = Release|Win32
		{5E03D1B4-243D-4200-8714-0FFD67C69E02}.Release|x64.ActiveCfg = Release|x64
		{5E03D1B4-243D-4200-8714-0FFD67C69E02}.Release|x64.Build.0 = Release|x64
		{5E03D1B4-243D-4200-8714-0FFD67C69E02}.ReleaseNoUnicode|Win32.ActiveCfg = ReleaseNoUnicode|Win32
		{5E03D1B4-243D-4200-8714-0FFD67C69E02}.ReleaseNoUnicode|Win32.Build.0 = ReleaseNoUnicode|Win32
		{5E03D1B4-243D-4200-8714-0FFD67C69E02}.ReleaseNoUnicode|x64.ActiveCfg = ReleaseNoUnicode|x64
		{5E03D1B4-243D-4200-8714-0FFD67C69E02}.ReleaseNoUnicode|x64.Build.0 = ReleaseNoUnicode|x64
		{0050120D-9C47-496C-860D-C16B10D09C88}.Debug|Win32.ActiveCfg = Debug|Win32
		{0050120D-9C47-496C-860D-C16B10D09C88}.Debug|Win32.Build.0 = Debug|Win32
		{0050120D-9C47-496C-860D-C16B10D09C88}.Debug|x64.ActiveCfg = Debug|x64
		{0050120D-9C47-496C-860D-C16B10D09C88}.Debug|x64.Build.0 = Debug|x64
		{0050120D-9C47-496C-860D-C16B10D09C88}.DebugNoUnicode|Win32.ActiveCfg = DebugNoUnicode|Win32
		{0050120D-9C47-496C-860D-C16B10D09C88}.DebugNoUnicode|Win32.Build.0 = DebugNoUnicode|Win32
		{0050120D-9C47-496C-860D-C16B10D09C88}.DebugNoUnicode|x64.ActiveCfg = DebugNoUnicode|x64
		{0050120D-9C47-496C-860D-C16B10D09C88}.DebugNoUnicode|x64.Build.0 = DebugNoUnicode|x64
		{0050120D-9C47-496C-860D-C16B10D09C88}.Release|Win32.ActiveCfg = Release|Win32
		{0050120D-9C47-496C-860D-C16B10D09C88}.Release|Win32.Build.0 = Release|Win32
		{0050120D-9C47-496C-860D-C16B10D09C88}.Release|x64.ActiveCfg = Release|x64
		{0050120D-9C47-496C-860D-C16B10D09C88}.Release|x64.Build.0 = Release|x64
		{0050120D-9C47-496C-860D-C16B10D09C88}.ReleaseNoUnicode|Win32.ActiveCfg = ReleaseNoUnicode|Win32
		{0050120D-9C47-496C-860D-C16B10D09C88}.ReleaseNoUnicode|Win32.Build.0 = ReleaseNoUnicode|Win32
		{0050120D-9C47-496C-860D-C16B10D09C88}.ReleaseNoUnicode|x64.ActiveCfg = ReleaseNoUnicode|x64
		{0050120D-9C47-496C-860D-C16B10D09C88}.ReleaseNoUnicode|x64.Build.0 = ReleaseNoUnicode|x64
		{CEA92B3A-5467-4CC7-80A6-227891F96C05}.Debug|Win32.ActiveCfg = Debug|Win32
		{CEA92B3A-5467-4CC7-80A6-227891F96C05}.Debug|Win32.Build.0 = Debug|Win32
		{CEA92B3A-5467-4CC7-80A6-227891F96C05}.Debug|x64.ActiveCfg = Debug|x64
		{CEA92B3A-5467-4CC7-80A6-227891F96C05}.Debug|x64.Build.0 = Debug|x64
		{CEA92B3A-5467-4CC7-80A6-227891F96C05}.DebugNoUnicode|Win32.ActiveCfg = DebugNoUnicode|Win32
		{CEA92B3A-5467-4CC7-80A6-227891F96C05}.DebugNoUnicode|Win32.Build.0 = DebugNoUnicode|Win32
		{CEA92B3A-5467-4CC7-80A6-227891F96C05}.DebugNoUnicode|x64.ActiveCfg = DebugNoUnicode|x64
		{CEA92B3A-5467-4CC7-80A6-227891F96C05}.DebugNoUnicode|x64.Build.0 = DebugNoUnicode|x64
		{CEA92B3A-5467-4CC7-80A6-227891F96C05}.Release|Win32.ActiveCfg = Release|Win32
		{CEA92B3A-5467-4CC7-80A6-227891F96C05}.Release|Win32.Build.0 = Release|Win32
		{CEA92B3A-5467-4CC7-80A6-227891F96C05}.Release|x64.ActiveCfg = Release|x64
		{CEA92B3A-5467-4CC7-80A6-227891F96C05}.Release|x64.Build.0 = Release|x64
		{CEA92B3A-5467-4CC7-80A6-227891F96C05}.ReleaseNoUnicode|Win32.ActiveCfg = ReleaseNoUnicode|Win32
		{CEA92B3A-5467-4CC7-80A6-227891F96C05}.ReleaseNoUnicode|Win32.Build.0 = ReleaseNoUnicode|Win32
		{CEA92B3A-5467-4CC7-80A6-227891F96C05}.ReleaseNoUnicode|x64.ActiveCfg = ReleaseNoUnicode|x64
		{CEA92B3A-5467-4CC7-80A6-227891F96C05}.ReleaseNoUnicode|x64.Build.0 = ReleaseNoUnicode|x64
		{EBFC3125-72A4-4029-9941-3BE9EE6444D5}.Debug|Win32.ActiveCfg = Debug|Win32
		{EBFC3125-72A4-4029-9941-3BE9EE6444D5}.Debug|Win32.Build.0 = Debug|Win32
		{EBFC3125-72A4-4029-9941-3BE9EE6444D5}.Debug|x64.ActiveCfg = Debug|x64
		{EBFC3125-72A4-4029-9941-3BE9EE6444D5}.Debug|x64.Build.0 = Debug|x64
		{EBFC3125-72A4-4029-9941-3BE9EE6444D5}.DebugNoUnicode|Win32.ActiveCfg = DebugNoUnicode|Win32
		{EBFC3125-72A4-4029-9941-3BE9EE6444D5}.DebugNoUnicode|Win32.Build.0 = DebugNoUnicode|Win32
		{EBFC3125-72A4-4029-9941-3BE9EE6444D5}.DebugNoUnicode|x64.ActiveCfg = DebugNoUnicode|x64
		{EBFC3125-72A4-4029-9941-3BE9EE6444D5}.DebugNoUnicode|x64.Build.0 = DebugNoUnicode|x64
		{EBFC3125-72A4-4029-9941-3BE9EE6444D5}.Release|Win32.ActiveCfg = Release|Win32
		{EBFC3125-72A4-4029-9941-3BE9EE6444D5}.Release|Win32.Build.0 = Release|Win32
		{EBFC3125-72A4-4029-9941-3BE9EE6444D5}.Release|x64.ActiveCfg = Release|x64
		{EBFC3125-72A4-4029-9941-3BE9EE6444D5}.Release|x64.Build.0 = Release|x64
		{EBFC3125-72A4-4029-9941-3BE9EE6444D5}.ReleaseNoUnicode|Win32.ActiveCfg = ReleaseNoUnicode|Win32
		{EBFC3125-72A4-4029-9941-3BE9EE6444D5}.ReleaseNoUnicode|Win32.Build.0 = ReleaseNoUnicode|Win32
		{EBFC3125-72A4-4029-9941-3BE9EE6444D5}.ReleaseNoUnicode|x64.ActiveCfg = ReleaseNoUnicode|x64
		{EBFC3125-72A4-4029-9941-3BE9EE6444D5}.ReleaseNoUnicode|x64.Build.0 = ReleaseNoUnicode|x64
		{E8D778F5-2397-479F-AA43-67F5C067CDC8}.Debug|Win32.ActiveCfg = Debug|Win32
		{E8D778F5-2397-479F-AA43-67F5C067CDC8}.Debug|Win32.Build.0 = Debug|Win32
		{E8D778F5-2397-479F-AA43-67F5C067CDC8}.Debug|x64.ActiveCfg = Debug|x64
		{E8D778F5-2397-479F-AA43-67F5C067CDC8}.Debug|x64.Build.0 = Debug|x64
		{E8D778F5-2397-479F-AA43-67F5C067CDC8}.DebugNoUnicode|Win32.ActiveCfg = DebugNoUnicode|Win32
		{E8D778F5-2397-479F-AA43-67F5C067CDC8}.DebugNoUnicode|Win32.Build.0 = DebugNoUnicode|Win32
		{E8D778F5-2397-479F-AA43-67F5C067CDC8}.DebugNoUnicode|x64.ActiveCfg = DebugNoUnicode|x64
		{E8D778F5-2397-479F-AA43-67F5C067CDC8}.DebugNoUnicode|x64.Build.0 = DebugNoUnicode|x64
		{E8D778F5-2397-479F-AA43-67F5C067CDC8}.Release|Win32.ActiveCfg = Release|Win32
		{E8D778F5-2397-479F-AA43-67F5C067CDC8}.Release|Win32.Build.0 = Release|Win32
		{E8D778F5-2397-479F-AA43-67F5C067CDC8}.Release|x64.ActiveCfg = Release|x64
		{E8D778F5-2397-479F-AA43-67F5C067CDC8}.Release|x64.Build.0 = Release|x64
		{E8D778F5-2397-479F-AA43-67F5C067CDC8}.ReleaseNoUnicode|Win32.ActiveCfg = ReleaseNoUnicode|Win32
		{E8D778F5-2397-479F-AA43-67F5C067CDC8}.ReleaseNoUnicode|Win32.Build.0 = ReleaseNoUnicode|Win32
		{E8D778F5-2397-479F-AA43-67F5C067CDC8}.ReleaseNoUnicode|x64.ActiveCfg = ReleaseNoUnicode|x64
		{E8D778F5-2397-479F-AA43-67F5C067CDC8}.ReleaseNoUnicode|x64.Build.0 = ReleaseNoUnicode|x64
		{615B5B2E-792E-4883-BA75-763AEC249F8A}.Debug|Win32.ActiveCfg = Debug|Win32
		{615B5B2E-792E-4883-BA75-763AEC249F8A}.Debug|Win32.Build.0 = Debug|Win32
		{615B5B2E-792E-4883-BA75-763AEC249F8A}.Debug|x64.ActiveCfg = Debug|x64
		{615B5B2E-792E-4883-BA75-763AEC249F8A}.Debug|x64.Build.0 = Debug|x64
		{615B5B2E-792E-4883-BA75-763AEC249F8A}.DebugNoUnicode|Win32.ActiveCfg = DebugNoUnicode|Win32
		{615B5B2E-792E-4883-BA75-763AEC249F8A}.DebugNoUnicode|Win32.Build.0 = DebugNoUnicode|Win32
		{615B5B2E-792E-4883-BA75-763AEC249F8A}.DebugNoUnicode|x64.ActiveCfg = DebugNoUnicode|x64
		{615B5B2E-792E-4883-BA75-763AEC249F8A}.DebugNoUnicode|x64.Build.0 = DebugNoUnicode|x64
		{615B5B2E-792E-4883-BA75-763AEC249F8A}.Release|Win32.ActiveCfg = Release|Win32
		{615B5B2E-792E-4883-BA75-763AEC249F8A}.Release|Win32.Build.0 = Release|Win32
		{615B5B2E-792E-4883-BA75-763AEC249F8A}.Release|x64.ActiveCfg = Release|x64
		{615B5B2E-792E-4883-BA75-763AEC249F8A}.Release|x64.Build.0 = Release|x64
		{615B5B2E-792E-4883-BA75-763AEC249F8A}.ReleaseNoUnicode|Win32.ActiveCfg = ReleaseNoUnicode|Win32
		{615B5B2E-792E-4883-BA75-763AEC249F8A}.ReleaseNoUnicode|Win32.Build.0 = ReleaseNoUnicode|Win32
		{615B5B2E-792E-4883-BA75-763AEC249F8A}.ReleaseNoUnicode|x64.ActiveCfg = ReleaseNoUnicode|x64
		{615B5B2E-792E-4883-BA75-763AEC249F8A}.ReleaseNoUnicode|x64.Build.0 = ReleaseNoUnicode|x64
		{F9597C92-5D25-4A3C-BAD6-8A2566FDDD6F}.Debug|Win32.ActiveCfg = Debug|Win32
		{F9597C92-5D25-4A3C-BAD6-8A2566FDDD6F}.Debug|Win32.Build.0 = Debug|Win32
		{F9597C92-5D25-4A3C-BAD6-8A2566FDDD6F}.Debug|x64.ActiveCfg = Debug|x64
		{F9597C92-5D25-4A3C-BAD6-8A2566FDDD6F}.Debug|x64.Build.0 = Debug|x64
		{F9597C92-5D25-4A3C-BAD6-8A2566FDDD6F}.DebugNoUnicode|Win32.ActiveCfg = Debug|Win32
		{F9597C92-5D25-4A3C-BAD6-8A2566FDDD6F}.DebugNoUnicode|Win32.Build.0 = Debug|Win32
		{F9597C92-5D25-4A3C-BAD6-8A2566FDDD6F}.DebugNoUnicode|x64.ActiveCfg = Debug|x64
		{F9597C92-5D25-4A3C-BAD6-8A2566FDDD6F}.DebugNoUnicode|x64.Build.0 = Debug|x64
		{F9597C92-5D25-4A3C-BAD6-8A2566FDDD6F}.Release|Win32.ActiveCfg = Release|Win32
		{F9597C92-5D25-4A3C-BAD6-8A2566FDDD6F}.Release|Win32.Build.0 = Release|Win32
		{F9597C92-5D25-4A3C-BAD6-8A2566FDDD6F}.Release|x64.ActiveCfg = Release|x64
		{F9597C92-5D25-4A3C-BAD6-8A2566FDDD6F}.Release|x64.Build.0 = Release|x64
		{F9597C92-5D25-4A3C-BAD6-8A2566FDDD6F}.ReleaseNoUnicode|Win32.ActiveCfg = Release|Win32
		{F9597C92-5D25-4A3C-BAD6-8A2566FDDD6F}.ReleaseNoUnicode|Win32.Build.0 = Release|Win32
		{F9597C92-5D25-4A3C-BAD6-8A2566FDDD6F}.ReleaseNoUnicode|x64.ActiveCfg = Release|x64
		{F9597C92-5D25-4A3C-BAD6-8A2566FDDD6F}.ReleaseNoUnicode|x64.Build.0 = Release|x64
		{A65753BB-4671-4A1D-A4ED-09CF308DE352}.Debug|Win32.ActiveCfg = Debug|Win32
		{A65753BB-4671-4A1D-A4ED-09CF308DE352}.Debug|Win32.Build.0 = Debug|Win32
		{A65753BB-4671-4A1D-A4ED-09CF308DE352}.Debug|x64.ActiveCfg = Debug|x64
		{A65753BB-4671-4A1D-A4ED-09CF308DE352}.Debug|x64.Build.0 = Debug|x64
		{A65753BB-4671-4A1D-A4ED-09CF308DE352}.DebugNoUnicode|Win32.ActiveCfg = DebugNoUnicode|Win32
		{A65753BB-4671-4A1D-A4ED-09CF308DE352}.DebugNoUnicode|Win32.Build.0 = DebugNoUnicode|Win32
		{A65753BB-4671-4A1D-A4ED-09CF308DE352}.DebugNoUnicode|x64.ActiveCfg = DebugNoUnicode|x64
		{A65753BB-4671-4A1D-A4ED-09CF308DE352}.DebugNoUnicode|x64.Build.0 = DebugNoUnicode|x64
		{A65753BB-4671-4A1D-A4ED-09CF308DE352}.Release|Win32.ActiveCfg = Release|Win32
		{A65753BB-4671-4A1D-A4ED-09CF308DE352}.Release|Win32.Build.0 = Release|Win32
		{A65753BB-4671-4A1D-A4ED-09CF308DE352}.Release|x64.ActiveCfg = Release|x64
		{A65753BB-4671-4A1D-A4ED-09CF308DE352}.Release|x64.Build.0 = Release|x64
		{A65753BB-4671-4A1D-A4ED-09CF308DE352}.ReleaseNoUnicode|Win32.ActiveCfg = ReleaseNoUnicode|Win32
		{A65753BB-4671-4A1D-A4ED-09CF308DE352}.ReleaseNoUnicode|Win32.Build.0 = ReleaseNoUnicode|Win32
		{A65753BB-4671-4A1D-A4ED-09CF308DE352}.ReleaseNoUnicode|x64.ActiveCfg = ReleaseNoUnicode|x64
		{A65753BB-4671-4A1D-A4ED-09CF308DE352}.ReleaseNoUnicode|x64.Build.0 = ReleaseNoUnicode|x64
		{5EA5D675-A827-4CC5-8B2A-5639119E3185}.Debug|Win32.ActiveCfg = Debug|Win32
		{5EA5D675-A827-4CC5-8B2A-5639119E3185}.Debug|Win32.Build.0 = Debug|Win32
		{5EA5D675-A827-4CC5-8B2A-5639119E3185}.Debug|x64.ActiveCfg = Debug|x64
		{5EA5D675-A827-4CC5-8B2A-5639119E3185}.Debug|x64.Build.0 = Debug|x64
		{5EA5D675-A827-4CC5-8B2A-5639119E3185}.DebugNoUnicode|Win32.ActiveCfg = DebugNoUnicode|Win32
		{5EA5D675-A827-4CC5-8B2A-5639119E3185}.DebugNoUnicode|Win32.Build.0 = DebugNoUnicode|Win32
		{5EA5D675-A827-4CC5-8B2A-5639119E3185}.DebugNoUnicode|x64.ActiveCfg = DebugNoUnicode|x64
		{5EA5D675-A827-4CC5-8B2A-5639119E3185}.DebugNoUnicode|x64.Build.0 = DebugNoUnicode|x64
		{5EA5D675-A827-4CC5-8B2A-5639119E3185}.Release|Win32.ActiveCfg = Release|Win32
		{5EA5D675-A827-4CC5-8B2A-5639119E3185}.Release|Win32.Build.0 = Release|Win32
		{5EA5D675-A827-4CC5-8B2A-5639119E3185}.Release|x64.ActiveCfg = Release|x64
		{5EA5D675-A827-4CC5-8B2A-5639119E3185}.Release|x64.Build.0 = Release|x64
		{5EA5D675-A827-4CC5-8B2A-5639119E3185}.ReleaseNoUnicode|Win32.ActiveCfg = ReleaseNoUnicode|Win32
		{5EA5D675-A827-4CC5-8B2A-5639119E3185}.ReleaseNoUnicode|Win32.Build.0 = ReleaseNoUnicode|Win32
		{5EA5D675-A827-4CC5-8B2A-5639119E3185}.ReleaseNoUnicode|x64.ActiveCfg = ReleaseNoUnicode|x64
		{5EA5D675-A827-4CC5-8B2A-5639119E3185}.ReleaseNoUnicode|x64.Build.0 = ReleaseNoUnicode|x64
		{FC19FFE8-6294-4F1A-8D7A-281C93C5C040}.Debug|Win32.ActiveCfg = Debug|Win32
		{FC19FFE8-6294-4F1A-8D7A-281C93C5C040}.Debug|Win32.Build.0 = Debug|Win32
		{FC19FFE8-6294-4F1A-8D7A-281C93C5C040}.Debug|x64.ActiveCfg = Debug|x64
		{FC19FFE8-6294-4F1A-8D7A-281C93C5C040}.Debug|x64.Build.0 = Debug|x64
		{FC19FFE8-6294-4F1A-8D7A-281C93C5C040}.DebugNoUnicode|Win32.ActiveCfg = DebugNoUnicode|Win32
		{FC19FFE8-6294-4F1A-8D7A-281C93C5C040}.DebugNoUnicode|Win32.Build.0 = DebugNoUnicode|Win32
		{FC19FFE8-6294-4F1A-8D7A-281C93C5C040}.DebugNoUnicode|x64.ActiveCfg = DebugNoUnicode|x64
		{FC19FFE8-6294-4F1A-8D7A-281C93C5C040}.DebugNoUnicode|x64.Build.0 = DebugNoUnicode|x64
		{FC19FFE8-6294-4F1A-8D7A-281C93C5C040}.Release|Win32.ActiveCfg = Release|Win32
		{FC19FFE8-6294-4F1A-8D7A-281C93C5C040}.Release|Win32.Build.0 = Release|Win32
		{FC19FFE8-6294-4F1A-8D7A-281C93C5C040}.Release|x64.ActiveCfg = Release|x64
		{FC19FFE8-6294-4F1A-8D7A-281C93C5C040}.Release|x64.Build.0 = Release|x64
		{FC19FFE8-6294-4F1A-8D7A-281C93C5C040}.ReleaseNoUnicode|Win32.ActiveCfg = ReleaseNoUnicode|Win32
		{FC19FFE8-6294-4F1A-8D7A-281C93C5C040}.ReleaseNoUnicode|Win32.Build.0 = ReleaseNoUnicode|Win32
		{FC19FFE8-6294-4F1A-8D7A-281C93C5C040}.ReleaseNoUnicode|x64.ActiveCfg = ReleaseNoUnicode|x64
		{FC19FFE8-6294-4F1A-8D7A-281C93C5C040}.ReleaseNoUnicode|x64.Build.0 = ReleaseNoUnicode|x64
		{D622BCC0-80B6-452E-8C34-9E7A27633C8F}.Debug|Win32.ActiveCfg = Debug|Win32
		{D622BCC0-80B6-452E-8C34-9E7A27633C8F}.Debug|Win32.Build.0 = Debug|Win32
		{D622BCC0-80B6-452E-8C34-9E7A27633C8F}.Debug|x64.ActiveCfg = Debug|x64
		{D622BCC0-80B6-452E-8C34-9E7A27633C8F}.Debug|x64.Build.0 = Debug|x64
		{D622BCC0-80B6-452E-8C34-9E7A27633C8F}.DebugNoUnicode|Win32.ActiveCfg = DebugNoUnicode|Win32
		{D622BCC0-80B6-452E-8C34-9E7A27633C8F}.DebugNoUnicode|Win32.Build.0 = DebugNoUnicode|Win32
		{D622BCC0-80B6-452E-8C34-9E7A27633C8F}.DebugNoUnicode|x64.ActiveCfg = DebugNoUnicode|x64
		{D622BCC0-80B6-452E-8C34-9E7A27633C8F}.DebugNoUnicode|x64.Build.0 = DebugNoUnicode|x64
		{D622BCC0-80B6-452E-8C34-9E7A27633C8F}.Release|Win32.ActiveCfg = Release|Win32
		{D622BCC0-80B6-452E-8C34-9E7A27633C8F}.Release|Win32.Build.0 = Release|Win32
		{D622BCC0-80B6-452E-8C34-9E7A27633C8F}.Release|x64.ActiveCfg = Release|x64
		{D622BCC0-80B6-452E-8C34-9E7A27633C8F}.Release|x64.Build.0 = Release|x64
		{D622BCC0-80B6-452E-8C34-9E7A27633C8F}.ReleaseNoUnicode|Win32.ActiveCfg = ReleaseNoUnicode|Win32
		{D622BCC0-80B6-452E-8C34-9E7A27633C8F}.ReleaseNoUnicode|Win32.Build.0 = ReleaseNoUnicode|Win32
		{D622BCC0-80B6-452E-8C34-9E7A27633C8F}.ReleaseNoUnicode|x64.ActiveCfg = ReleaseNoUnicode|x64
		{D622BCC0-80B6-452E-8C34-9E7A27633C8F}.ReleaseNoUnicode|x64.Build.0 = ReleaseNoUnicode|x64
		{7D22B0DC-D240-47DB-AC6B-165AE3C0C54D}.Debug|Win32.ActiveCfg = Debug|Win32
		{7D22B0DC-D240-47DB-AC6B-165AE3C0C54D}.Debug|Win32.Build.0 = Debug|Win32
		{7D22B0DC-D240-47DB-AC6B-165AE3C0C54D}.Debug|x64.ActiveCfg = Debug|x64
		{7D22B0DC-D240-47DB-AC6B-165AE3C0C54D}.Debug|x64.Build.0 = Debug|x64
		{7D22B0DC-D240-47DB-AC6B-165AE3C0C54D}.DebugNoUnicode|Win32.ActiveCfg = DebugNoUnicode|Win32
		{7D22B0DC-D240-47DB-AC6B-165AE3C0C54D}.DebugNoUnicode|Win32.Build.0 = DebugNoUnicode|Win32
		{7D22B0DC-D240-47DB-AC6B-165AE3C0C54D}.DebugNoUnicode|x64.ActiveCfg = DebugNoUnicode|x64
		{7D22B0DC-D240-47DB-AC6B-165AE3C0C54D}.DebugNoUnicode|x64.Build.0 = DebugNoUnicode|x64
		{7D22B0DC-D240-47DB-AC6B-165AE3C0C54D}.Release|Win32.ActiveCfg = Release|Win32
		{7D22B0DC-D240-47DB-AC6B-165AE3C0C54D}.Release|Win32.Build.0 = Release|Win32
		{7D22B0DC-D240-47DB-AC6B-165AE3C0C54D}.Release|x64.ActiveCfg = Release|x64
		{7D22B0DC-D240-47DB-AC6B-165AE3C0C54D}.Release|x64.Build.0 = Release|x64
		{7D22B0DC-D240-47DB-AC6B-165AE3C0C54D}.ReleaseNoUnicode|Win32.ActiveCfg = ReleaseNoUnicode|Win32
		{7D22B0DC-D240-47DB-AC6B-165AE3C0C54D}.ReleaseNoUnicode|Win32.Build.0 = ReleaseNoUnicode|Win32
		{7D22B0DC-D240-47DB-AC6B-165AE3C0C54D}.ReleaseNoUnicode|x64.ActiveCfg = ReleaseNoUnicode|x64
		{7D22B0DC-D240-47DB-AC6B-165AE3C0C54D}.ReleaseNoUnicode|x64.Build.0 = ReleaseNoUnicode|x64
		{10B3F744-B1B4-41FA-90D5-BC630CB19B6B}.Debug|Win32.ActiveCfg = Debug|Win32
		{10B3F744-B1B4-41FA-90D5-BC630CB19B6B}.Debug|Win32.Build.0 = Debug|Win32
		{10B3F744-B1B4-41FA-90D5-BC630CB19B6B}.Debug|x64.ActiveCfg = Debug|x64
		{10B3F744-B1B4-41FA-90D5-BC630CB19B6B}.Debug|x64.Build.0 = Debug|x64
		{10B3F744-B1B4-41FA-90D5-BC630CB19B6B}.DebugNoUnicode|Win32.ActiveCfg = DebugNoUnicode|Win32
		{10B3F744-B1B4-41FA-90D5-BC630CB19B6B}.DebugNoUnicode|Win32.Build.0 = DebugNoUnicode|Win32
		{10B3F744-B1B4-41FA-90D5-BC630CB19B6B}.DebugNoUnicode|x64.ActiveCfg = DebugNoUnicode|x64
		{10B3F744-B1B4-41FA-90D5-BC630CB19B6B}.DebugNoUnicode|x64.Build.0 = DebugNoUnicode|x64
		{10B3F744-B1B4-41FA-90D5-BC630CB19B6B}.Release|Win32.ActiveCfg = Release|Win32
		{10B3F744-B1B4-41FA-90D5-BC630CB19B6B}.Release|Win32.Build.0 = Release|Win32
		{10B3F744-B1B4-41FA-90D5-BC630CB19B6B}.Release|x64.ActiveCfg = Release|x64
		{10B3F744-B1B4-41FA-90D5-BC630CB19B6B}.Release|x64.Build.0 = Release|x64
		{10B3F744-B1B4-41FA-90D5-BC630CB19B6B}.ReleaseNoUnicode|Win32.ActiveCfg = ReleaseNoUnicode|Win32
		{10B3F744-B1B4-41FA-90D5-BC630CB19B6B}.ReleaseNoUnicode|Win32.Build.0 = ReleaseNoUnicode|Win32
		{10B3F744-B1B4-41FA-90D5-BC630CB19B6B}.ReleaseNoUnicode|x64.ActiveCfg = ReleaseNoUnicode|x64
		{10B3F744-B1B4-41FA-90D5-BC630CB19B6B}.ReleaseNoUnicode|x64.Build.0 = ReleaseNoUnicode|x64
		{56582A52-348B-401B-A0FE-EC799AE6D0AC}.Debug|Win32.ActiveCfg = Debug|Win32
		{56582A52-348B-401B-A0FE-EC799AE6D0AC}.Debug|Win32.Build.0 = Debug|Win32
		{56582A52-348B-401B-A0FE-EC799AE6D0AC}.Debug|x64.ActiveCfg = Debug|x64
		{56582A52-348B-401B-A0FE-EC799AE6D0AC}.Debug|x64.Build.0 = Debug|x64
		{56582A52-348B-401B-A0FE-EC799AE6D0AC}.DebugNoUnicode|Win32.ActiveCfg = DebugNoUnicode|Win32
		{56582A52-348B-401B-A0FE-EC799AE6D0AC}.DebugNoUnicode|Win32.Build.0 = DebugNoUnicode|Win32
		{56582A52-348B-401B-A0FE-EC799AE6D0AC}.DebugNoUnicode|x64.ActiveCfg = DebugNoUnicode|x64
		{56582A52-348B-401B-A0FE-EC799AE6D0AC}.DebugNoUnicode|x64.Build.0 = DebugNoUnicode|x64
		{56582A52-348B-401B-A0FE-EC799AE6D0AC}.Release|Win32.ActiveCfg = Release|Win32
		{56582A52-348B-401B-A0FE-EC799AE6D0AC}.Release|Win32.Build.0 = Release|Win32
		{56582A52-348B-401B-A0FE-EC799AE6D0AC}.Release|x64.ActiveCfg = Release|x64
		{56582A52-348B-401B-A0FE-EC799AE6D0AC}.Release|x64.Build.0 = Release|x64
		{56582A52-348B-401B-A0FE-EC799AE6D0AC}.ReleaseNoUnicode|Win32.ActiveCfg = ReleaseNoUnicode|Win32
		{56582A52-348B-401B-A0FE-EC799AE6D0AC}.ReleaseNoUnicode|Win32.Build.0 = ReleaseNoUnicode|Win32
		{56582A52-348B-401B-A0FE-EC799AE6D0AC}.ReleaseNoUnicode|x64.ActiveCfg = ReleaseNoUnicode|x64
		{56582A52-348B-401B-A0FE-EC799AE6D0AC}.ReleaseNoUnicode|x64.Build.0 = ReleaseNoUnicode|x64
		{1E316AB4-E681-4F2B-97A7-CD7DE904AF62}.Debug|Win32.ActiveCfg = Debug|Win32
		{1E316AB4-E681-4F2B-97A7-CD7DE904AF62}.Debug|Win32.Build.0 = Debug|Win32
		{1E316AB4-E681-4F2B-97A7-CD7DE904AF62}.Debug|x64.ActiveCfg = Debug|x64
		{1E316AB4-E681-4F2B-97A7-CD7DE904AF62}.Debug|x64.Build.0 = Debug|x64
		{1E316AB4-E681-4F2B-97A7-CD7DE904AF62}.DebugNoUnicode|Win32.ActiveCfg = DebugNoUnicode|Win32
		{1E316AB4-E681-4F2B-97A7-CD7DE904AF62}.DebugNoUnicode|Win32.Build.0 = DebugNoUnicode|Win32
		{1E316AB4-E681-4F2B-97A7-CD7DE904AF62}.DebugNoUnicode|x64.ActiveCfg = DebugNoUnicode|x64
		{1E316AB4-E681-4F2B-97A7-CD7DE904AF62}.DebugNoUnicode|x64.Build.0 = DebugNoUnicode|x64
		{1E316AB4-E681-4F2B-97A7-CD7DE904AF62}.Release|Win32.ActiveCfg = Release|Win32
		{1E316AB4-E681-4F2B-97A7-CD7DE904AF62}.Release|Win32.Build.0 = Release|Win32
		{1E316AB4-E681-4F2B-97A7-CD7DE904AF62}.Release|x64.ActiveCfg = Release|x64
		{1E316AB4-E681-4F2B-97A7-CD7DE904AF62}.Release|x64.Build.0 = Release|x64
		{1E316AB4-E681-4F2B-97A7-CD7DE904AF62}.ReleaseNoUnicode|Win32.ActiveCfg = ReleaseNoUnicode|Win32
		{1E316AB4-E681-4F2B-97A7-CD7DE904AF62}.ReleaseNoUnicode|Win32.Build.0 = ReleaseNoUnicode|Win32
		{1E316AB4-E681-4F2B-97A7-CD7DE904AF62}.ReleaseNoUnicode|x64.ActiveCfg = ReleaseNoUnicode|x64
		{1E316AB4-E681-4F2B-97A7-CD7DE904AF62}.ReleaseNoUnicode|x64.Build.0 = ReleaseNoUnicode|x64
		{9A7033FA-6263-425D-83BF-A1D9F48BA997}.Debug|Win32.ActiveCfg = Debug|Win32
		{9A7033FA-6263-425D-83BF-A1D9F48BA997}.Debug|Win32.Build.0 = Debug|Win32
		{9A7033FA-6263-425D-83BF-A1D9F48BA997}.Debug|x64.ActiveCfg = Debug|x64
		{9A7033FA-6263-425D-83BF-A1D9F48BA997}.Debug|x64.Build.0 = Debug|x64
		{9A7033FA-6263-425D-83BF-A1D9F48BA997}.DebugNoUnicode|Win32.ActiveCfg = DebugNoUnicode|Win32
		{9A7033FA-6263-425D-83BF-A1D9F48BA997}.DebugNoUnicode|Win32.Build.0 = DebugNoUnicode|Win32
		{9A7033FA-6263-425D-83BF-A1D9F48BA997}.DebugNoUnicode|x64.ActiveCfg = DebugNoUnicode|x64
		{9A7033FA-6263-425D-83BF-A1D9F48BA997}.DebugNoUnicode|x64.Build.0 = DebugNoUnicode|x64
		{9A7033FA-6263-425D-83BF-A1D9F48BA997}.Release|Win32.ActiveCfg = Release|Win32
		{9A7033FA-6263-425D-83BF-A1D9F48BA997}.Release|Win32.Build.0 = Release|Win32
		{9A7033FA-6263-425D-83BF-A1D9F48BA997}.Release|x64.ActiveCfg = Release|x64
		{9A7033FA-6263-425D-83BF-A1D9F48BA997}.Release|x64.Build.0 = Release|x64
		{9A7033FA-6263-425D-83BF-A1D9F48BA997}.ReleaseNoUnicode|Win32.ActiveCfg = ReleaseNoUnicode|Win32
		{9A7033FA-6263-425D-83BF-A1D9F48BA997}.ReleaseNoUnicode|Win32.Build.0 = ReleaseNoUnicode|Win32
		{9A7033FA-6263-425D-83BF-A1D9F48BA997}.ReleaseNoUnicode|x64.ActiveCfg = ReleaseNoUnicode|x64
		{9A7033FA-6263-425D-83BF-A1D9F48BA997}.ReleaseNoUnicode|x64.Build.0 = ReleaseNoUnicode|x64
		{082F71AD-CDF6-44DE-84F7-9D2D16784B23}.Debug|Win32.ActiveCfg = Debug|Win32
		{082F71AD-CDF6-44DE-84F7-9D2D16784B23}.Debug|Win32.Build.0 = Debug|Win32
		{082F71AD-CDF6-44DE-84F7-9D2D16784B23}.Debug|x64.ActiveCfg = Debug|x64
		{082F71AD-CDF6-44DE-84F7-9D2D16784B23}.Debug|x64.Build.0 = Debug|x64
		{082F71AD-CDF6-44DE-84F7-9D2D16784B23}.DebugNoUnicode|Win32.ActiveCfg = DebugNoUnicode|Win32
		{082F71AD-CDF6-44DE-84F7-9D2D16784B23}.DebugNoUnicode|Win32.Build.0 = DebugNoUnicode|Win32
		{082F71AD-CDF6-44DE-84F7-9D2D16784B23}.DebugNoUnicode|x64.ActiveCfg = DebugNoUnicode|x64
		{082F71AD-CDF6-44DE-84F7-9D2D16784B23}.DebugNoUnicode|x64.Build.0 = DebugNoUnicode|x64
		{082F71AD-CDF6-44DE-84F7-9D2D16784B23}.Release|Win32.ActiveCfg = Release|Win32
		{082F71AD-CDF6-44DE-84F7-9D2D16784B23}.Release|Win32.Build.0 = Release|Win32
		{082F71AD-CDF6-44DE-84F7-9D2D16784B23}.Release|x64.ActiveCfg = Release|x64
		{082F71AD-CDF6-44DE-84F7-9D2D16784B23}.Release|x64.Build.0 = Release|x64
		{082F71AD-CDF6-44DE-84F7-9D2D16784B23}.ReleaseNoUnicode|Win32.ActiveCfg = ReleaseNoUnicode|Win32
		{082F71AD-CDF6-44DE-84F7-9D2D16784B23}.ReleaseNoUnicode|Win32.Build.0 = ReleaseNoUnicode|Win32
		{082F71AD-CDF6-44DE-84F7-9D2D16784B23}.ReleaseNoUnicode|x64.ActiveCfg = ReleaseNoUnicode|x64
		{082F71AD-CDF6-44DE-84F7-9D2D16784B23}.ReleaseNoUnicode|x64.Build.0 = ReleaseNoUnicode|x64
		{3EA91983-D9EB-4369-8167-130122BFDF07}.Debug|Win32.ActiveCfg = Debug|Win32
		{3EA91983-D9EB-4369-8167-130122BFDF07}.Debug|Win32.Build.0 = Debug|Win32
		{3EA91983-D9EB-4369-8167-130122BFDF07}.Debug|x64.ActiveCfg = Debug|x64
		{3EA91983-D9EB-4369-8167-130122BFDF07}.Debug|x64.Build.0 = Debug|x64
		{3EA91983-D9EB-4369-8167-130122BFDF07}.DebugNoUnicode|Win32.ActiveCfg = DebugNoUnicode|Win32
		{3EA91983-D9EB-4369-8167-130122BFDF07}.DebugNoUnicode|Win32.Build.0 = DebugNoUnicode|Win32
		{3EA91983-D9EB-4369-8167-130122BFDF07}.DebugNoUnicode|x64.ActiveCfg = DebugNoUnicode|x64
		{3EA91983-D9EB-4369-8167-130122BFDF07}.DebugNoUnicode|x64.Build.0 = DebugNoUnicode|x64
		{3EA91983-D9EB-4369-8167-130122BFDF07}.Release|Win32.ActiveCfg = Release|Win32
		{3EA91983-D9EB-4369-8167-130122BFDF07}.Release|Win32.Build.0 = Release|Win32
		{3EA91983-D9EB-4369-8167-130122BFDF07}.Release|x64.ActiveCfg = Release|x64
		{3EA91983-D9EB-4369-8167-130122BFDF07}.Release|x64.Build.0 = Release|x64
		{3EA91983-D9EB-4369-8167-130122BFDF07}.ReleaseNoUnicode|Win32.ActiveCfg = ReleaseNoUnicode|Win32
		{3EA91983-D9EB-4369-8167-130122BFDF07}.ReleaseNoUnicode|Win32.Build.0 = ReleaseNoUnicode|Win32
		{3EA91983-D9EB-4369-8167-130122BFDF07}.ReleaseNoUnicode|x64.ActiveCfg = ReleaseNoUnicode|x64
		{3EA91983-D9EB-4369-8167-130122BFDF07}.ReleaseNoUnicode|x64.Build.0 = ReleaseNoUnicode|x64
		{F9A69A98-B750-4242-B6AF-DE87E4201216}.Debug|Win32.ActiveCfg = Debug|Win32
		{F9A69A98-B750-4242-B6AF-DE87E4201216}.Debug|Win32.Build.0 = Debug|Win32
		{F9A69A98-B750-4242-B6AF-DE87E4201216}.Debug|x64.ActiveCfg = Debug|x64
		{F9A69A98-B750-4242-B6AF-DE87E4201216}.Debug|x64.Build.0 = Debug|x64
		{F9A69A98-B750-4242-B6AF-DE87E4201216}.DebugNoUnicode|Win32.ActiveCfg = DebugNoUnicode|Win32
		{F9A69A98-B750-4242-B6AF-DE87E4201216}.DebugNoUnicode|Win32.Build.0 = DebugNoUnicode|Win32
		{F9A69A98-B750-4242-B6AF-DE87E4201216}.DebugNoUnicode|x64.ActiveCfg = DebugNoUnicode|x64
		{F9A69A98-B750-4242-B6AF-DE87E4201216}.DebugNoUnicode|x64.Build.0 = DebugNoUnicode|x64
		{F9A69A98-B750-4242-B6AF-DE87E4201216}.Release|Win32.ActiveCfg = Release|Win32
		{F9A69A98-B750-4242-B6AF-DE87E4201216}.Release|Win32.Build.0 = Release|Win32
		{F9A69A98-B750-4242-B6AF-DE87E4201216}.Release|x64.ActiveCfg = Release|x64
		{F9A69A98-B750-4242-B6AF-DE87E4201216}.Release|x64.Build.0 = Release|x64
		{F9A69A98-B750-4242-B6AF-DE87E4201216}.ReleaseNoUnicode|Win32.ActiveCfg = ReleaseNoUnicode|Win32
		{F9A69A98-B750-4242-B6AF-DE87E4201216}.ReleaseNoUnicode|Win32.Build.0 = ReleaseNoUnicode|Win32
		{F9A69A98-B750-4242-B6AF-DE87E4201216}.ReleaseNoUnicode|x64.ActiveCfg = ReleaseNoUnicode|x64
		{F9A69A98-B750-4242-B6AF-DE87E4201216}.ReleaseNoUnicode|x64.Build.0 = ReleaseNoUnicode|x64
		{A4EEC45B-21D0-4FBE-82F7-DF30ED746487}.Debug|Win32.ActiveCfg = Debug|Win32
		{A4EEC45B-21D0-4FBE-82F7-DF30ED746487}.Debug|Win32.Build.0 = Debug|Win32
		{A4EEC45B-21D0-4FBE-82F7-DF30ED746487}.Debug|x64.ActiveCfg = Debug|x64
		{A4EEC45B-21D0-4FBE-82F7-DF30ED746487}.Debug|x64.Build.0 = Debug|x64
		{A4EEC45B-21D0-4FBE-82F7-DF30ED746487}.DebugNoUnicode|Win32.ActiveCfg = DebugNoUnicode|Win32
		{A4EEC45B-21D0-4FBE-82F7-DF30ED746487}.DebugNoUnicode|Win32.Build.0 = DebugNoUnicode|Win32
		{A4EEC45B-21D0-4FBE-82F7-DF30ED746487}.DebugNoUnicode|x64.ActiveCfg = DebugNoUnicode|x64
		{A4EEC45B-21D0-4FBE-82F7-DF30ED746487}.DebugNoUnicode|x64.Build.0 = DebugNoUnicode|x64
		{A4EEC45B-21D0-4FBE-82F7-DF30ED746487}.Release|Win32.ActiveCfg = Release|Win32
		{A4EEC45B-21D0-4FBE-82F7-DF30ED746487}.Release|Win32.Build.0 = Release|Win32
		{A4EEC45B-21D0-4FBE-82F7-DF30ED746487}.Release|x64.ActiveCfg = Release|x64
		{A4EEC45B-21D0-4FBE-82F7-DF30ED746487}.Release|x64.Build.0 = Release|x64
		{A4EEC45B-21D0-4FBE-82F7-DF30ED746487}.ReleaseNoUnicode|Win32.ActiveCfg = ReleaseNoUnicode|Win32
		{A4EEC45B-21D0-4FBE-82F7-DF30ED746487}.ReleaseNoUnicode|Win32.Build.0 = ReleaseNoUnicode|Win32
		{A4EEC45B-21D0-4FBE-82F7-DF30ED746487}.ReleaseNoUnicode|x64.ActiveCfg = ReleaseNoUnicode|x64
		{A4EEC45B-21D0-4FBE-82F7-DF30ED746487}.ReleaseNoUnicode|x64.Build.0 = ReleaseNoUnicode|x64
		{4793826B-B077-4D75-A36C-66C9724C08F4}.Debug|Win32.ActiveCfg = Debug|Win32
		{4793826B-B077-4D75-A36C-66C9724C08F4}.Debug|Win32.Build.0 = Debug|Win32
		{4793826B-B077-4D75-A36C-66C9724C08F4}.Debug|x64.ActiveCfg = Debug|x64
		{4793826B-B077-4D75-A36C-66C9724C08F4}.Debug|x64.Build.0 = Debug|x64
		{4793826B-B077-4D75-A36C-66C9724C08F4}.DebugNoUnicode|Win32.ActiveCfg = Debug|x64
		{4793826B-B077-4D75-A36C-66C9724C08F4}.DebugNoUnicode|x64.ActiveCfg = Debug|x64
		{4793826B-B077-4D75-A36C-66C9724C08F4}.DebugNoUnicode|x64.Build.0 = Debug|x64
		{4793826B-B077-4D75-A36C-66C9724C08F4}.Release|Win32.ActiveCfg = Release|Win32
		{4793826B-B077-4D75-A36C-66C9724C08F4}.Release|Win32.Build.0 = Release|Win32
		{4793826B-B077-4D75-A36C-66C9724C08F4}.Release|x64.ActiveCfg = Release|x64
		{4793826B-B077-4D75-A36C-66C9724C08F4}.Release|x64.Build.0 = Release|x64
		{4793826B-B077-4D75-A36C-66C9724C08F4}.ReleaseNoUnicode|Win32.ActiveCfg = Release|x64
		{4793826B-B077-4D75-A36C-66C9724C08F4}.ReleaseNoUnicode|x64.ActiveCfg = Release|x64
		{4793826B-B077-4D75-A36C-66C9724C08F4}.ReleaseNoUnicode|x64.Build.0 = Release|x64
	EndGlobalSection
	GlobalSection(SolutionProperties) = preSolution
		HideSolutionNode = FALSE
	EndGlobalSection
EndGlobal
