<?xml version="1.0" encoding="utf-8"?>
<Project ToolsVersion="4.0" xmlns="http://schemas.microsoft.com/developer/msbuild/2003">
  <ItemGroup>
    <Filter Include="Source Files">
      <UniqueIdentifier>{4FC737F1-C7A5-4376-A066-2A32D752A2FF}</UniqueIdentifier>
      <Extensions>cpp;c;cc;cxx;def;odl;idl;hpj;bat;asm;asmx</Extensions>
    </Filter>
    <Filter Include="Header Files">
      <UniqueIdentifier>{93995380-89BD-4b04-88EB-625FBE52EBFB}</UniqueIdentifier>
      <Extensions>h;hpp;hxx;hm;inl;inc;xsd</Extensions>
    </Filter>
  </ItemGroup>
  <ItemGroup>
    <ClCompile Include="AnonymousPipe.cpp">
      <Filter>Source Files</Filter>
    </ClCompile>
    <ClCompile Include="AnonymousPipeFactory.cpp">
      <Filter>Source Files</Filter>
    </ClCompile>
    <ClCompile Include="AutoImpersonator.cpp">
      <Filter>Source Files</Filter>
    </ClCompile>
    <ClCompile Include="CtrlAltDelSimulator.cpp">
      <Filter>Source Files</Filter>
    </ClCompile>
    <ClCompile Include="CurrentConsoleProcess.cpp">
      <Filter>Source Files</Filter>
    </ClCompile>
    <ClCompile Include="DynamicLibrary.cpp">
      <Filter>Source Files</Filter>
    </ClCompile>
    <ClCompile Include="Environment.cpp">
      <Filter>Source Files</Filter>
    </ClCompile>
    <ClCompile Include="Impersonator.cpp">
      <Filter>Source Files</Filter>
    </ClCompile>
    <ClCompile Include="InputInjector.cpp">
      <Filter>Source Files</Filter>
    </ClCompile>
    <ClCompile Include="Keyboard.cpp">
      <Filter>Source Files</Filter>
    </ClCompile>
    <ClCompile Include="LocalWindowsApplication.cpp">
      <Filter>Source Files</Filter>
    </ClCompile>
    <ClCompile Include="ParentProcess.cpp">
      <Filter>Source Files</Filter>
    </ClCompile>
    <ClCompile Include="Pipe.cpp">
      <Filter>Source Files</Filter>
    </ClCompile>
    <ClCompile Include="PipeClient.cpp">
      <Filter>Source Files</Filter>
    </ClCompile>
    <ClCompile Include="PipeServer.cpp">
      <Filter>Source Files</Filter>
    </ClCompile>
    <ClCompile Include="Process.cpp">
      <Filter>Source Files</Filter>
    </ClCompile>
    <ClCompile Include="ProcessHandle.cpp">
      <Filter>Source Files</Filter>
    </ClCompile>
    <ClCompile Include="Registry.cpp">
      <Filter>Source Files</Filter>
    </ClCompile>
    <ClCompile Include="RegistryKey.cpp">
      <Filter>Source Files</Filter>
    </ClCompile>
    <ClCompile Include="SCMClient.cpp">
      <Filter>Source Files</Filter>
    </ClCompile>
    <ClCompile Include="SecurityAttributes.cpp">
      <Filter>Source Files</Filter>
    </ClCompile>
    <ClCompile Include="security\SecurityDescriptor.cpp">
      <Filter>Source Files</Filter>
    </ClCompile>
    <ClCompile Include="security\SecurityIdentifier.cpp">
      <Filter>Source Files</Filter>
    </ClCompile>
    <ClCompile Include="Service.cpp">
      <Filter>Source Files</Filter>
    </ClCompile>
    <ClCompile Include="SharedMemory.cpp">
      <Filter>Source Files</Filter>
    </ClCompile>
    <ClCompile Include="Shell.cpp">
      <Filter>Source Files</Filter>
    </ClCompile>
    <ClCompile Include="SystemException.cpp">
      <Filter>Source Files</Filter>
    </ClCompile>
    <ClCompile Include="UipiControl.cpp">
      <Filter>Source Files</Filter>
    </ClCompile>
    <ClCompile Include="VersionInfo.cpp">
      <Filter>Source Files</Filter>
    </ClCompile>
    <ClCompile Include="WinCommandLineArgs.cpp">
      <Filter>Source Files</Filter>
    </ClCompile>
    <ClCompile Include="WindowsApplication.cpp">
      <Filter>Source Files</Filter>
    </ClCompile>
    <ClCompile Include="WindowsEvent.cpp">
      <Filter>Source Files</Filter>
    </ClCompile>
    <ClCompile Include="WinHandles.cpp">
      <Filter>Source Files</Filter>
    </ClCompile>
    <ClCompile Include="WinStaLibrary.cpp">
      <Filter>Source Files</Filter>
    </ClCompile>
    <ClCompile Include="WinTimeMillis.cpp">
      <Filter>Source Files</Filter>
    </ClCompile>
    <ClCompile Include="Workstation.cpp">
      <Filter>Source Files</Filter>
    </ClCompile>
    <ClCompile Include="WTS.cpp">
      <Filter>Source Files</Filter>
    </ClCompile>
    <ClCompile Include="NamedPipe.cpp">
      <Filter>Source Files</Filter>
    </ClCompile>
    <ClCompile Include="PipeImpersonatedThread.cpp">
      <Filter>Source Files</Filter>
    </ClCompile>
    <ClCompile Include="WindowsDisplays.cpp">
      <Filter>Source Files</Filter>
    </ClCompile>
    <ClCompile Include="WinProcessCommandLine.cpp">
      <Filter>Source Files</Filter>
    </ClCompile>
    <ClCompile Include="WinClipboard.cpp">
      <Filter>Source Files</Filter>
    </ClCompile>
    <ClCompile Include="SystemInformation.cpp">
      <Filter>Source Files</Filter>
    </ClCompile>
    <ClCompile Include="DibSection.cpp">
      <Filter>Source Files</Filter>
    </ClCompile>
    <ClCompile Include="Screen.cpp">
      <Filter>Source Files</Filter>
    </ClCompile>
    <ClCompile Include="WinCursor.cpp">
      <Filter>Source Files</Filter>
    </ClCompile>
    <ClCompile Include="WindowsEventEx.cpp">
      <Filter>Source Files</Filter>
    </ClCompile>
    <ClCompile Include="WinHooks.cpp">
      <Filter>Source Files</Filter>
    </ClCompile>
    <ClCompile Include="WsaStartup.cpp">
      <Filter>Source Files</Filter>
    </ClCompile>
    <ClCompile Include="EmulatedAnonymousPipeFactory.cpp">
      <Filter>Source Files</Filter>
    </ClCompile>
  </ItemGroup>
  <ItemGroup>
    <ClInclude Include="AnonymousPipe.h">
      <Filter>Header Files</Filter>
    </ClInclude>
    <ClInclude Include="AnonymousPipeFactory.h">
      <Filter>Header Files</Filter>
    </ClInclude>
    <ClInclude Include="AutoImpersonator.h">
      <Filter>Header Files</Filter>
    </ClInclude>
    <ClInclude Include="CtrlAltDelSimulator.h">
      <Filter>Header Files</Filter>
    </ClInclude>
    <ClInclude Include="CurrentConsoleProcess.h">
      <Filter>Header Files</Filter>
    </ClInclude>
    <ClInclude Include="DynamicLibrary.h">
      <Filter>Header Files</Filter>
    </ClInclude>
    <ClInclude Include="Environment.h">
      <Filter>Header Files</Filter>
    </ClInclude>
    <ClInclude Include="Impersonator.h">
      <Filter>Header Files</Filter>
    </ClInclude>
    <ClInclude Include="InputInjector.h">
      <Filter>Header Files</Filter>
    </ClInclude>
    <ClInclude Include="Keyboard.h">
      <Filter>Header Files</Filter>
    </ClInclude>
    <ClInclude Include="LocalWindowsApplication.h">
      <Filter>Header Files</Filter>
    </ClInclude>
    <ClInclude Include="ParentProcess.h">
      <Filter>Header Files</Filter>
    </ClInclude>
    <ClInclude Include="Pipe.h">
      <Filter>Header Files</Filter>
    </ClInclude>
    <ClInclude Include="PipeClient.h">
      <Filter>Header Files</Filter>
    </ClInclude>
    <ClInclude Include="PipeServer.h">
      <Filter>Header Files</Filter>
    </ClInclude>
    <ClInclude Include="Process.h">
      <Filter>Header Files</Filter>
    </ClInclude>
    <ClInclude Include="ProcessHandle.h">
      <Filter>Header Files</Filter>
    </ClInclude>
    <ClInclude Include="Registry.h">
      <Filter>Header Files</Filter>
    </ClInclude>
    <ClInclude Include="RegistryKey.h">
      <Filter>Header Files</Filter>
    </ClInclude>
    <ClInclude Include="SCMClient.h">
      <Filter>Header Files</Filter>
    </ClInclude>
    <ClInclude Include="SecurityAttributes.h">
      <Filter>Header Files</Filter>
    </ClInclude>
    <ClInclude Include="security\SecurityDescriptor.h">
      <Filter>Header Files</Filter>
    </ClInclude>
    <ClInclude Include="security\SecurityIdentifier.h">
      <Filter>Header Files</Filter>
    </ClInclude>
    <ClInclude Include="Service.h">
      <Filter>Header Files</Filter>
    </ClInclude>
    <ClInclude Include="SharedMemory.h">
      <Filter>Header Files</Filter>
    </ClInclude>
    <ClInclude Include="Shell.h">
      <Filter>Header Files</Filter>
    </ClInclude>
    <ClInclude Include="SystemException.h">
      <Filter>Header Files</Filter>
    </ClInclude>
    <ClInclude Include="UipiControl.h">
      <Filter>Header Files</Filter>
    </ClInclude>
    <ClInclude Include="VersionInfo.h">
      <Filter>Header Files</Filter>
    </ClInclude>
    <ClInclude Include="WinCommandLineArgs.h">
      <Filter>Header Files</Filter>
    </ClInclude>
    <ClInclude Include="WindowsApplication.h">
      <Filter>Header Files</Filter>
    </ClInclude>
    <ClInclude Include="WindowsEvent.h">
      <Filter>Header Files</Filter>
    </ClInclude>
    <ClInclude Include="WinHandles.h">
      <Filter>Header Files</Filter>
    </ClInclude>
    <ClInclude Include="WinStaLibrary.h">
      <Filter>Header Files</Filter>
    </ClInclude>
    <ClInclude Include="WinTimeMillis.h">
      <Filter>Header Files</Filter>
    </ClInclude>
    <ClInclude Include="Workstation.h">
      <Filter>Header Files</Filter>
    </ClInclude>
    <ClInclude Include="WTS.h">
      <Filter>Header Files</Filter>
    </ClInclude>
    <ClInclude Include="NamedPipe.h">
      <Filter>Source Files</Filter>
    </ClInclude>
    <ClInclude Include="PipeImpersonatedThread.h">
      <Filter>Header Files</Filter>
    </ClInclude>
    <ClInclude Include="WindowsDisplays.h">
      <Filter>Header Files</Filter>
    </ClInclude>
    <ClInclude Include="WinProcessCommandLine.h">
      <Filter>Header Files</Filter>
    </ClInclude>
    <ClInclude Include="WinClipboard.h">
      <Filter>Header Files</Filter>
    </ClInclude>
    <ClInclude Include="SystemInformation.h">
      <Filter>Header Files</Filter>
    </ClInclude>
    <ClInclude Include="DibSection.h">
      <Filter>Header Files</Filter>
    </ClInclude>
    <ClInclude Include="Screen.h">
      <Filter>Header Files</Filter>
    </ClInclude>
    <ClInclude Include="WinCursor.h">
      <Filter>Header Files</Filter>
    </ClInclude>
    <ClInclude Include="WindowsEventEx.h">
      <Filter>Header Files</Filter>
    </ClInclude>
    <ClInclude Include="WsaStartup.h">
      <Filter>Header Files</Filter>
    </ClInclude>
    <ClInclude Include="HookEventListener.h">
      <Filter>Header Files</Filter>
    </ClInclude>
    <ClInclude Include="WinHooks.h">
      <Filter>Header Files</Filter>
    </ClInclude>
    <ClInclude Include="EmulatedAnonymousPipeFactory.h">
      <Filter>Header Files</Filter>
    </ClInclude>
  </ItemGroup>
</Project>