<?xml version="1.0" encoding="utf-8"?>
<Project ToolsVersion="4.0" xmlns="http://schemas.microsoft.com/developer/msbuild/2003">
  <ItemGroup>
    <Filter Include="Source Files">
      <UniqueIdentifier>{4FC737F1-C7A5-4376-A066-2A32D752A2FF}</UniqueIdentifier>
      <Extensions>cpp;c;cc;cxx;def;odl;idl;hpj;bat;asm;asmx</Extensions>
    </Filter>
    <Filter Include="Header Files">
      <UniqueIdentifier>{93995380-89BD-4b04-88EB-625FBE52EBFB}</UniqueIdentifier>
      <Extensions>h;hpp;hxx;hm;inl;inc;xsd</Extensions>
    </Filter>
    <Filter Include="Resource Files">
      <UniqueIdentifier>{67DA6AB6-F800-4c08-8B7A-83BB121AAD01}</UniqueIdentifier>
      <Extensions>rc;ico;cur;bmp;dlg;rc2;rct;bin;rgs;gif;jpg;jpeg;jpe;resx;tiff;tif;png;wav</Extensions>
    </Filter>
    <Filter Include="Decoders">
      <UniqueIdentifier>{e2d0c6aa-b0c7-47e1-b340-11b52a21f432}</UniqueIdentifier>
    </Filter>
  </ItemGroup>
  <ItemGroup>
    <ClCompile Include="AuthHandler.cpp">
      <Filter>Source Files</Filter>
    </ClCompile>
    <ClCompile Include="CapsContainer.cpp">
      <Filter>Source Files</Filter>
    </ClCompile>
    <ClCompile Include="CoreEventsAdapter.cpp">
      <Filter>Source Files</Filter>
    </ClCompile>
    <ClCompile Include="CursorPainter.cpp">
      <Filter>Source Files</Filter>
    </ClCompile>
    <ClCompile Include="RemoteViewerCore.cpp">
      <Filter>Source Files</Filter>
    </ClCompile>
    <ClCompile Include="RfbClientToServerMessage.cpp">
      <Filter>Source Files</Filter>
    </ClCompile>
    <ClCompile Include="RfbCutTextEventClientMessage.cpp">
      <Filter>Source Files</Filter>
    </ClCompile>
    <ClCompile Include="RfbFramebufferUpdateRequestClientMessage.cpp">
      <Filter>Source Files</Filter>
    </ClCompile>
    <ClCompile Include="RfbKeyEventClientMessage.cpp">
      <Filter>Source Files</Filter>
    </ClCompile>
    <ClCompile Include="RfbPointerEventClientMessage.cpp">
      <Filter>Source Files</Filter>
    </ClCompile>
    <ClCompile Include="RfbSetEncodingsClientMessage.cpp">
      <Filter>Source Files</Filter>
    </ClCompile>
    <ClCompile Include="RfbSetPixelFormatClientMessage.cpp">
      <Filter>Source Files</Filter>
    </ClCompile>
    <ClCompile Include="VncAuthentication.cpp">
      <Filter>Source Files</Filter>
    </ClCompile>
    <ClCompile Include="CompressionLevel.cpp">
      <Filter>Decoders</Filter>
    </ClCompile>
    <ClCompile Include="CopyRectDecoder.cpp">
      <Filter>Decoders</Filter>
    </ClCompile>
    <ClCompile Include="Decoder.cpp">
      <Filter>Decoders</Filter>
    </ClCompile>
    <ClCompile Include="DecoderStore.cpp">
      <Filter>Decoders</Filter>
    </ClCompile>
    <ClCompile Include="DesktopSizeDecoder.cpp">
      <Filter>Decoders</Filter>
    </ClCompile>
    <ClCompile Include="HexTileDecoder.cpp">
      <Filter>Decoders</Filter>
    </ClCompile>
    <ClCompile Include="JpegDecompressor.cpp">
      <Filter>Decoders</Filter>
    </ClCompile>
    <ClCompile Include="JpegQualityLevel.cpp">
      <Filter>Decoders</Filter>
    </ClCompile>
    <ClCompile Include="PointerPosDecoder.cpp">
      <Filter>Decoders</Filter>
    </ClCompile>
    <ClCompile Include="RichCursorDecoder.cpp">
      <Filter>Decoders</Filter>
    </ClCompile>
    <ClCompile Include="RreDecoder.cpp">
      <Filter>Decoders</Filter>
    </ClCompile>
    <ClCompile Include="TightDecoder.cpp">
      <Filter>Decoders</Filter>
    </ClCompile>
    <ClCompile Include="ZrleDecoder.cpp">
      <Filter>Decoders</Filter>
    </ClCompile>
    <ClCompile Include="FileTransferCapability.cpp">
      <Filter>Source Files</Filter>
    </ClCompile>
    <ClCompile Include="TcpConnection.cpp">
      <Filter>Source Files</Filter>
    </ClCompile>
    <ClCompile Include="FbUpdateNotifier.cpp">
      <Filter>Source Files</Filter>
    </ClCompile>
    <ClCompile Include="CapabilitiesManager.cpp">
      <Filter>Source Files</Filter>
    </ClCompile>
    <ClCompile Include="DecoderOfRectangle.cpp">
      <Filter>Decoders</Filter>
    </ClCompile>
    <ClCompile Include="RawDecoder.cpp">
      <Filter>Decoders</Filter>
    </ClCompile>
    <ClCompile Include="PseudoDecoder.cpp">
      <Filter>Decoders</Filter>
    </ClCompile>
    <ClCompile Include="LastRectDecoder.cpp">
      <Filter>Decoders</Filter>
    </ClCompile>
    <ClCompile Include="VncAuthenticationHandler.cpp">
      <Filter>Source Files</Filter>
    </ClCompile>
    <ClCompile Include="DispatchIdProvider.cpp">
      <Filter>Source Files</Filter>
    </ClCompile>
    <ClCompile Include="WatermarksController.cpp">
      <Filter>Source Files</Filter>
    </ClCompile>
    <ClCompile Include="UpdateRequestSender.cpp">
      <Filter>Source Files</Filter>
    </ClCompile>
  </ItemGroup>
  <ItemGroup>
    <ClInclude Include="AuthHandler.h">
      <Filter>Header Files</Filter>
    </ClInclude>
    <ClInclude Include="CapsContainer.h">
      <Filter>Header Files</Filter>
    </ClInclude>
    <ClInclude Include="CoreEventsAdapter.h">
      <Filter>Header Files</Filter>
    </ClInclude>
    <ClInclude Include="CursorPainter.h">
      <Filter>Header Files</Filter>
    </ClInclude>
    <ClInclude Include="RemoteViewerCore.h">
      <Filter>Header Files</Filter>
    </ClInclude>
    <ClInclude Include="RfbClientToServerMessage.h">
      <Filter>Header Files</Filter>
    </ClInclude>
    <ClInclude Include="RfbCutTextEventClientMessage.h">
      <Filter>Header Files</Filter>
    </ClInclude>
    <ClInclude Include="RfbFramebufferUpdateRequestClientMessage.h">
      <Filter>Header Files</Filter>
    </ClInclude>
    <ClInclude Include="RfbKeyEventClientMessage.h">
      <Filter>Header Files</Filter>
    </ClInclude>
    <ClInclude Include="RfbPointerEventClientMessage.h">
      <Filter>Header Files</Filter>
    </ClInclude>
    <ClInclude Include="RfbSetEncodingsClientMessage.h">
      <Filter>Header Files</Filter>
    </ClInclude>
    <ClInclude Include="RfbSetPixelFormatClientMessage.h">
      <Filter>Header Files</Filter>
    </ClInclude>
    <ClInclude Include="VncAuthentication.h">
      <Filter>Header Files</Filter>
    </ClInclude>
    <ClInclude Include="CompressionLevel.h">
      <Filter>Decoders</Filter>
    </ClInclude>
    <ClInclude Include="CopyRectDecoder.h">
      <Filter>Decoders</Filter>
    </ClInclude>
    <ClInclude Include="Decoder.h">
      <Filter>Decoders</Filter>
    </ClInclude>
    <ClInclude Include="DecoderStore.h">
      <Filter>Decoders</Filter>
    </ClInclude>
    <ClInclude Include="DesktopSizeDecoder.h">
      <Filter>Decoders</Filter>
    </ClInclude>
    <ClInclude Include="HexTileDecoder.h">
      <Filter>Decoders</Filter>
    </ClInclude>
    <ClInclude Include="JpegDecompressor.h">
      <Filter>Decoders</Filter>
    </ClInclude>
    <ClInclude Include="JpegQualityLevel.h">
      <Filter>Decoders</Filter>
    </ClInclude>
    <ClInclude Include="PointerPosDecoder.h">
      <Filter>Decoders</Filter>
    </ClInclude>
    <ClInclude Include="RichCursorDecoder.h">
      <Filter>Decoders</Filter>
    </ClInclude>
    <ClInclude Include="RreDecoder.h">
      <Filter>Decoders</Filter>
    </ClInclude>
    <ClInclude Include="TightDecoder.h">
      <Filter>Decoders</Filter>
    </ClInclude>
    <ClInclude Include="ZrleDecoder.h">
      <Filter>Decoders</Filter>
    </ClInclude>
    <ClInclude Include="FileTransferCapability.h">
      <Filter>Header Files</Filter>
    </ClInclude>
    <ClInclude Include="TcpConnection.h">
      <Filter>Header Files</Filter>
    </ClInclude>
    <ClInclude Include="FbUpdateNotifier.h">
      <Filter>Header Files</Filter>
    </ClInclude>
    <ClInclude Include="CapabilitiesManager.h">
      <Filter>Header Files</Filter>
    </ClInclude>
    <ClInclude Include="RawDecoder.h">
      <Filter>Decoders</Filter>
    </ClInclude>
    <ClInclude Include="PseudoDecoder.h">
      <Filter>Decoders</Filter>
    </ClInclude>
    <ClInclude Include="LastRectDecoder.h">
      <Filter>Decoders</Filter>
    </ClInclude>
    <ClInclude Include="DecoderOfRectangle.h">
      <Filter>Decoders</Filter>
    </ClInclude>
    <ClInclude Include="VncAuthenticationHandler.h">
      <Filter>Header Files</Filter>
    </ClInclude>
    <ClInclude Include="DispatchDataProvider.h">
      <Filter>Header Files</Filter>
    </ClInclude>
    <ClInclude Include="DispatchIdProvider.h">
      <Filter>Header Files</Filter>
    </ClInclude>
    <ClInclude Include="WatermarksController.h">
      <Filter>Header Files</Filter>
    </ClInclude>
    <ClInclude Include="watermark-bmp.h">
      <Filter>Header Files</Filter>
    </ClInclude>
    <ClInclude Include="UpdateRequestSender.h">
      <Filter>Header Files</Filter>
    </ClInclude>
  </ItemGroup>
</Project>