<?xml version="1.0" encoding="utf-8"?>
<Project ToolsVersion="4.0" xmlns="http://schemas.microsoft.com/developer/msbuild/2003">
  <ItemGroup>
    <Filter Include="Source Files">
      <UniqueIdentifier>{4FC737F1-C7A5-4376-A066-2A32D752A2FF}</UniqueIdentifier>
      <Extensions>cpp;c;cc;cxx;def;odl;idl;hpj;bat;asm;asmx</Extensions>
    </Filter>
    <Filter Include="Header Files">
      <UniqueIdentifier>{93995380-89BD-4b04-88EB-625FBE52EBFB}</UniqueIdentifier>
      <Extensions>h;hpp;hxx;hm;inl;inc;xsd</Extensions>
    </Filter>
    <Filter Include="Resource Files">
      <UniqueIdentifier>{67DA6AB6-F800-4c08-8B7A-83BB121AAD01}</UniqueIdentifier>
      <Extensions>rc;ico;cur;bmp;dlg;rc2;rct;bin;rgs;gif;jpg;jpeg;jpe;resx;tiff;tif;png;wav</Extensions>
    </Filter>
  </ItemGroup>
  <ItemGroup>
    <ClCompile Include="CopyOperation.cpp">
      <Filter>Source Files</Filter>
    </ClCompile>
    <ClCompile Include="DownloadOperation.cpp">
      <Filter>Source Files</Filter>
    </ClCompile>
    <ClCompile Include="FileInfoList.cpp">
      <Filter>Source Files</Filter>
    </ClCompile>
    <ClCompile Include="FileTransferEventAdapter.cpp">
      <Filter>Source Files</Filter>
    </ClCompile>
    <ClCompile Include="FileTransferEventHandler.cpp">
      <Filter>Source Files</Filter>
    </ClCompile>
    <ClCompile Include="FileTransferMessageProcessor.cpp">
      <Filter>Source Files</Filter>
    </ClCompile>
    <ClCompile Include="FileTransferOperation.cpp">
      <Filter>Source Files</Filter>
    </ClCompile>
    <ClCompile Include="FileTransferReplyBuffer.cpp">
      <Filter>Source Files</Filter>
    </ClCompile>
    <ClCompile Include="FileTransferRequestSender.cpp">
      <Filter>Source Files</Filter>
    </ClCompile>
    <ClCompile Include="LocalFilesDeleteOperation.cpp">
      <Filter>Source Files</Filter>
    </ClCompile>
    <ClCompile Include="OperationEventListener.cpp">
      <Filter>Source Files</Filter>
    </ClCompile>
    <ClCompile Include="OperationNotPermittedException.cpp">
      <Filter>Source Files</Filter>
    </ClCompile>
    <ClCompile Include="OperationSupport.cpp">
      <Filter>Source Files</Filter>
    </ClCompile>
    <ClCompile Include="RemoteFileListOperation.cpp">
      <Filter>Source Files</Filter>
    </ClCompile>
    <ClCompile Include="RemoteFileRenameOperation.cpp">
      <Filter>Source Files</Filter>
    </ClCompile>
    <ClCompile Include="RemoteFilesDeleteOperation.cpp">
      <Filter>Source Files</Filter>
    </ClCompile>
    <ClCompile Include="RemoteFolderCreateOperation.cpp">
      <Filter>Source Files</Filter>
    </ClCompile>
    <ClCompile Include="UploadOperation.cpp">
      <Filter>Source Files</Filter>
    </ClCompile>
    <ClCompile Include="FileTransferCore.cpp">
      <Filter>Source Files</Filter>
    </ClCompile>
    <ClCompile Include="FileTransferInterface.cpp">
      <Filter>Source Files</Filter>
    </ClCompile>
  </ItemGroup>
  <ItemGroup>
    <ClInclude Include="CopyFileEventListener.h">
      <Filter>Header Files</Filter>
    </ClInclude>
    <ClInclude Include="CopyOperation.h">
      <Filter>Header Files</Filter>
    </ClInclude>
    <ClInclude Include="DownloadOperation.h">
      <Filter>Header Files</Filter>
    </ClInclude>
    <ClInclude Include="FileExistDialog.h">
      <Filter>Header Files</Filter>
    </ClInclude>
    <ClInclude Include="FileInfoList.h">
      <Filter>Header Files</Filter>
    </ClInclude>
    <ClInclude Include="FileInfoListView.h">
      <Filter>Header Files</Filter>
    </ClInclude>
    <ClInclude Include="FileRenameDialog.h">
      <Filter>Header Files</Filter>
    </ClInclude>
    <ClInclude Include="FileTransferEventAdapter.h">
      <Filter>Header Files</Filter>
    </ClInclude>
    <ClInclude Include="FileTransferEventHandler.h">
      <Filter>Header Files</Filter>
    </ClInclude>
    <ClInclude Include="FileTransferMainDialog.h">
      <Filter>Header Files</Filter>
    </ClInclude>
    <ClInclude Include="FileTransferMessageProcessor.h">
      <Filter>Header Files</Filter>
    </ClInclude>
    <ClInclude Include="FileTransferOperation.h">
      <Filter>Header Files</Filter>
    </ClInclude>
    <ClInclude Include="FileTransferReplyBuffer.h">
      <Filter>Header Files</Filter>
    </ClInclude>
    <ClInclude Include="FileTransferRequestSender.h">
      <Filter>Header Files</Filter>
    </ClInclude>
    <ClInclude Include="ListenerContainer.h">
      <Filter>Header Files</Filter>
    </ClInclude>
    <ClInclude Include="LocalFilesDeleteOperation.h">
      <Filter>Header Files</Filter>
    </ClInclude>
    <ClInclude Include="NewFolderDialog.h">
      <Filter>Header Files</Filter>
    </ClInclude>
    <ClInclude Include="OperationEventListener.h">
      <Filter>Header Files</Filter>
    </ClInclude>
    <ClInclude Include="OperationNotPermittedException.h">
      <Filter>Header Files</Filter>
    </ClInclude>
    <ClInclude Include="OperationSupport.h">
      <Filter>Header Files</Filter>
    </ClInclude>
    <ClInclude Include="RemoteFileListOperation.h">
      <Filter>Header Files</Filter>
    </ClInclude>
    <ClInclude Include="RemoteFileRenameOperation.h">
      <Filter>Header Files</Filter>
    </ClInclude>
    <ClInclude Include="RemoteFilesDeleteOperation.h">
      <Filter>Header Files</Filter>
    </ClInclude>
    <ClInclude Include="RemoteFolderCreateOperation.h">
      <Filter>Header Files</Filter>
    </ClInclude>
    <ClInclude Include="resource.h">
      <Filter>Header Files</Filter>
    </ClInclude>
    <ClInclude Include="UploadOperation.h">
      <Filter>Header Files</Filter>
    </ClInclude>
    <ClInclude Include="FileTransferCore.h">
      <Filter>Header Files</Filter>
    </ClInclude>
    <ClInclude Include="FileTransferInterface.h">
      <Filter>Header Files</Filter>
    </ClInclude>
  </ItemGroup>
</Project>