<?xml version="1.0" encoding="utf-8"?>
<Project ToolsVersion="4.0" xmlns="http://schemas.microsoft.com/developer/msbuild/2003">
  <ItemGroup>
    <Filter Include="Source Files">
      <UniqueIdentifier>{4FC737F1-C7A5-4376-A066-2A32D752A2FF}</UniqueIdentifier>
      <Extensions>cpp;c;cc;cxx;def;odl;idl;hpj;bat;asm;asmx</Extensions>
    </Filter>
    <Filter Include="Header Files">
      <UniqueIdentifier>{93995380-89BD-4b04-88EB-625FBE52EBFB}</UniqueIdentifier>
      <Extensions>h;hpp;hxx;hm;inl;inc;xsd</Extensions>
    </Filter>
  </ItemGroup>
  <ItemGroup>
    <ClCompile Include="AnsiStringStorage.cpp">
      <Filter>Source Files</Filter>
    </ClCompile>
    <ClCompile Include="Command.cpp">
      <Filter>Source Files</Filter>
    </ClCompile>
    <ClCompile Include="CommandLine.cpp">
      <Filter>Source Files</Filter>
    </ClCompile>
    <ClCompile Include="CommandLineArgs.cpp">
      <Filter>Source Files</Filter>
    </ClCompile>
    <ClCompile Include="DateTime.cpp">
      <Filter>Source Files</Filter>
    </ClCompile>
    <ClCompile Include="Deflater.cpp">
      <Filter>Source Files</Filter>
    </ClCompile>
    <ClCompile Include="DesCrypt.cpp">
      <Filter>Source Files</Filter>
    </ClCompile>
    <ClCompile Include="Exception.cpp">
      <Filter>Source Files</Filter>
    </ClCompile>
    <ClCompile Include="Inflater.cpp">
      <Filter>Source Files</Filter>
    </ClCompile>
    <ClCompile Include="KeyContainer.cpp">
      <Filter>Source Files</Filter>
    </ClCompile>
    <ClCompile Include="Keymap.cpp">
      <Filter>Source Files</Filter>
    </ClCompile>
    <ClCompile Include="MacroCommand.cpp">
      <Filter>Source Files</Filter>
    </ClCompile>
    <ClCompile Include="md5.cpp">
      <Filter>Source Files</Filter>
    </ClCompile>
    <ClCompile Include="ResourceLoader.cpp">
      <Filter>Source Files</Filter>
    </ClCompile>
    <ClCompile Include="StringParser.cpp">
      <Filter>Source Files</Filter>
    </ClCompile>
    <ClCompile Include="StringStorage.cpp">
      <Filter>Source Files</Filter>
    </ClCompile>
    <ClCompile Include="StringTable.cpp">
      <Filter>Source Files</Filter>
    </ClCompile>
    <ClCompile Include="Unicode.cpp">
      <Filter>Source Files</Filter>
    </ClCompile>
    <ClCompile Include="UnicodeStringStorage.cpp">
      <Filter>Source Files</Filter>
    </ClCompile>
    <ClCompile Include="Utf8StringStorage.cpp">
      <Filter>Source Files</Filter>
    </ClCompile>
    <ClCompile Include="VncPassCrypt.cpp">
      <Filter>Source Files</Filter>
    </ClCompile>
    <ClCompile Include="ZLibBase.cpp">
      <Filter>Source Files</Filter>
    </ClCompile>
    <ClCompile Include="ZlibException.cpp">
      <Filter>Source Files</Filter>
    </ClCompile>
    <ClCompile Include="DemandTimer.cpp">
      <Filter>Source Files</Filter>
    </ClCompile>
    <ClCompile Include="CommandLineFormatException.cpp">
      <Filter>Source Files</Filter>
    </ClCompile>
    <ClCompile Include="CommandLineFormatHelp.cpp">
      <Filter>Source Files</Filter>
    </ClCompile>
    <ClCompile Include="BrokenHandleException.cpp">
      <Filter>Source Files</Filter>
    </ClCompile>
    <ClCompile Include="GetCPUtime.cpp">
      <Filter>Source Files</Filter>
    </ClCompile>
  </ItemGroup>
  <ItemGroup>
    <ClInclude Include="AnsiStringStorage.h">
      <Filter>Header Files</Filter>
    </ClInclude>
    <ClInclude Include="Command.h">
      <Filter>Header Files</Filter>
    </ClInclude>
    <ClInclude Include="CommandLine.h">
      <Filter>Header Files</Filter>
    </ClInclude>
    <ClInclude Include="CommandLineArgs.h">
      <Filter>Header Files</Filter>
    </ClInclude>
    <ClInclude Include="CommonHeader.h">
      <Filter>Header Files</Filter>
    </ClInclude>
    <ClInclude Include="DateTime.h">
      <Filter>Header Files</Filter>
    </ClInclude>
    <ClInclude Include="Deflater.h">
      <Filter>Header Files</Filter>
    </ClInclude>
    <ClInclude Include="DesCrypt.h">
      <Filter>Header Files</Filter>
    </ClInclude>
    <ClInclude Include="Exception.h">
      <Filter>Header Files</Filter>
    </ClInclude>
    <ClInclude Include="Inflater.h">
      <Filter>Header Files</Filter>
    </ClInclude>
    <ClInclude Include="inttypes.h">
      <Filter>Header Files</Filter>
    </ClInclude>
    <ClInclude Include="KeyContainer.h">
      <Filter>Header Files</Filter>
    </ClInclude>
    <ClInclude Include="Keymap.h">
      <Filter>Header Files</Filter>
    </ClInclude>
    <ClInclude Include="ListenerContainer.h">
      <Filter>Header Files</Filter>
    </ClInclude>
    <ClInclude Include="MacroCommand.h">
      <Filter>Header Files</Filter>
    </ClInclude>
    <ClInclude Include="md5.h">
      <Filter>Header Files</Filter>
    </ClInclude>
    <ClInclude Include="ResourceLoader.h">
      <Filter>Header Files</Filter>
    </ClInclude>
    <ClInclude Include="Singleton.h">
      <Filter>Header Files</Filter>
    </ClInclude>
    <ClInclude Include="StringParser.h">
      <Filter>Header Files</Filter>
    </ClInclude>
    <ClInclude Include="StringStorage.h">
      <Filter>Header Files</Filter>
    </ClInclude>
    <ClInclude Include="StringTable.h">
      <Filter>Header Files</Filter>
    </ClInclude>
    <ClInclude Include="StringTemplate.h">
      <Filter>Header Files</Filter>
    </ClInclude>
    <ClInclude Include="StringVector.h">
      <Filter>Header Files</Filter>
    </ClInclude>
    <ClInclude Include="Unicode.h">
      <Filter>Header Files</Filter>
    </ClInclude>
    <ClInclude Include="UnicodeStringStorage.h">
      <Filter>Header Files</Filter>
    </ClInclude>
    <ClInclude Include="Utf8StringStorage.h">
      <Filter>Header Files</Filter>
    </ClInclude>
    <ClInclude Include="VncPassCrypt.h">
      <Filter>Header Files</Filter>
    </ClInclude>
    <ClInclude Include="winhdr.h">
      <Filter>Header Files</Filter>
    </ClInclude>
    <ClInclude Include="ZLibBase.h">
      <Filter>Header Files</Filter>
    </ClInclude>
    <ClInclude Include="ZlibException.h">
      <Filter>Header Files</Filter>
    </ClInclude>
    <ClInclude Include="DemandTimer.h">
      <Filter>Header Files</Filter>
    </ClInclude>
    <ClInclude Include="CommandLineFormatException.h">
      <Filter>Header Files</Filter>
    </ClInclude>
    <ClInclude Include="CommandLineFormatHelp.h">
      <Filter>Header Files</Filter>
    </ClInclude>
    <ClInclude Include="BrokenHandleException.h">
      <Filter>Header Files</Filter>
    </ClInclude>
    <ClInclude Include="GetCPUtime.h">
      <Filter>Header Files</Filter>
    </ClInclude>
  </ItemGroup>
</Project>