<?xml version="1.0" encoding="utf-8"?>
<Project ToolsVersion="4.0" xmlns="http://schemas.microsoft.com/developer/msbuild/2003">
  <ItemGroup>
    <Filter Include="Source Files">
      <UniqueIdentifier>{4FC737F1-C7A5-4376-A066-2A32D752A2FF}</UniqueIdentifier>
      <Extensions>cpp;c;cc;cxx;def;odl;idl;hpj;bat;asm;asmx</Extensions>
    </Filter>
    <Filter Include="Header Files">
      <UniqueIdentifier>{93995380-89BD-4b04-88EB-625FBE52EBFB}</UniqueIdentifier>
      <Extensions>h;hpp;hxx;hm;inl;inc;xsd</Extensions>
    </Filter>
    <Filter Include="Encoders">
      <UniqueIdentifier>{1c27e9ab-b4b9-446a-80a9-c2da7d46c537}</UniqueIdentifier>
    </Filter>
  </ItemGroup>
  <ItemGroup>
    <ClCompile Include="AuthDefs.cpp">
      <Filter>Source Files</Filter>
    </ClCompile>
    <ClCompile Include="CursorShape.cpp">
      <Filter>Source Files</Filter>
    </ClCompile>
    <ClCompile Include="FrameBuffer.cpp">
      <Filter>Source Files</Filter>
    </ClCompile>
    <ClCompile Include="HostPath.cpp">
      <Filter>Source Files</Filter>
    </ClCompile>
    <ClCompile Include="MsgDefs.cpp">
      <Filter>Source Files</Filter>
    </ClCompile>
    <ClCompile Include="PixelFormat.cpp">
      <Filter>Source Files</Filter>
    </ClCompile>
    <ClCompile Include="RfbKeySym.cpp">
      <Filter>Source Files</Filter>
    </ClCompile>
    <ClCompile Include="VendorDefs.cpp">
      <Filter>Source Files</Filter>
    </ClCompile>
    <ClCompile Include="EncodingDefs.cpp">
      <Filter>Encoders</Filter>
    </ClCompile>
    <ClCompile Include="PixelConverter.cpp">
      <Filter>Encoders</Filter>
    </ClCompile>
    <ClCompile Include="StandardPixelFormatFactory.cpp">
      <Filter>Source Files</Filter>
    </ClCompile>
    <ClCompile Include="TunnelDefs.cpp">
      <Filter>Source Files</Filter>
    </ClCompile>
  </ItemGroup>
  <ItemGroup>
    <ClInclude Include="AuthDefs.h">
      <Filter>Header Files</Filter>
    </ClInclude>
    <ClInclude Include="CursorShape.h">
      <Filter>Header Files</Filter>
    </ClInclude>
    <ClInclude Include="FrameBuffer.h">
      <Filter>Header Files</Filter>
    </ClInclude>
    <ClInclude Include="HostPath.h">
      <Filter>Header Files</Filter>
    </ClInclude>
    <ClInclude Include="keysymdef.h">
      <Filter>Header Files</Filter>
    </ClInclude>
    <ClInclude Include="MsgDefs.h">
      <Filter>Header Files</Filter>
    </ClInclude>
    <ClInclude Include="PixelFormat.h">
      <Filter>Header Files</Filter>
    </ClInclude>
    <ClInclude Include="RfbKeySym.h">
      <Filter>Header Files</Filter>
    </ClInclude>
    <ClInclude Include="RfbKeySymListener.h">
      <Filter>Header Files</Filter>
    </ClInclude>
    <ClInclude Include="VendorDefs.h">
      <Filter>Header Files</Filter>
    </ClInclude>
    <ClInclude Include="EncodingDefs.h">
      <Filter>Encoders</Filter>
    </ClInclude>
    <ClInclude Include="PixelConverter.h">
      <Filter>Encoders</Filter>
    </ClInclude>
    <ClInclude Include="StandardPixelFormatFactory.h">
      <Filter>Header Files</Filter>
    </ClInclude>
    <ClInclude Include="TunnelDefs.h">
      <Filter>Header Files</Filter>
    </ClInclude>
  </ItemGroup>
</Project>