<?xml version="1.0" encoding="utf-8"?>
<Project ToolsVersion="4.0" xmlns="http://schemas.microsoft.com/developer/msbuild/2003">
  <ItemGroup>
    <Filter Include="Source Files">
      <UniqueIdentifier>{4FC737F1-C7A5-4376-A066-2A32D752A2FF}</UniqueIdentifier>
      <Extensions>cpp;c;cc;cxx;def;odl;idl;hpj;bat;asm;asmx</Extensions>
    </Filter>
    <Filter Include="Header Files">
      <UniqueIdentifier>{93995380-89BD-4b04-88EB-625FBE52EBFB}</UniqueIdentifier>
      <Extensions>h;hpp;hxx;hm;inl;inc;xsd</Extensions>
    </Filter>
  </ItemGroup>
  <ItemGroup>
    <ClCompile Include="AdministrationConfigDialog.cpp">
      <Filter>Source Files</Filter>
    </ClCompile>
    <ClCompile Include="ChangePasswordDialog.cpp">
      <Filter>Source Files</Filter>
    </ClCompile>
    <ClCompile Include="CommonInputValidation.cpp">
      <Filter>Source Files</Filter>
    </ClCompile>
    <ClCompile Include="ConfigDialog.cpp">
      <Filter>Source Files</Filter>
    </ClCompile>
    <ClCompile Include="EditIpAccessRuleDialog.cpp">
      <Filter>Source Files</Filter>
    </ClCompile>
    <ClCompile Include="EditPortMappingDialog.cpp">
      <Filter>Source Files</Filter>
    </ClCompile>
    <ClCompile Include="IpAccessControlDialog.cpp">
      <Filter>Source Files</Filter>
    </ClCompile>
    <ClCompile Include="PasswordControl.cpp">
      <Filter>Source Files</Filter>
    </ClCompile>
    <ClCompile Include="PortMappingDialog.cpp">
      <Filter>Source Files</Filter>
    </ClCompile>
    <ClCompile Include="ServerConfigDialog.cpp">
      <Filter>Source Files</Filter>
    </ClCompile>
    <ClCompile Include="TvnLogFilename.cpp">
      <Filter>Source Files</Filter>
    </ClCompile>
    <ClCompile Include="UIDataAccess.cpp">
      <Filter>Source Files</Filter>
    </ClCompile>
    <ClCompile Include="VideoRegionsConfigDialog.cpp">
      <Filter>Source Files</Filter>
    </ClCompile>
  </ItemGroup>
  <ItemGroup>
    <ClInclude Include="AdministrationConfigDialog.h">
      <Filter>Header Files</Filter>
    </ClInclude>
    <ClInclude Include="ChangePasswordDialog.h">
      <Filter>Header Files</Filter>
    </ClInclude>
    <ClInclude Include="CommonInputValidation.h">
      <Filter>Header Files</Filter>
    </ClInclude>
    <ClInclude Include="ConfigDialog.h">
      <Filter>Header Files</Filter>
    </ClInclude>
    <ClInclude Include="EditIpAccessRuleDialog.h">
      <Filter>Header Files</Filter>
    </ClInclude>
    <ClInclude Include="EditPortMappingDialog.h">
      <Filter>Header Files</Filter>
    </ClInclude>
    <ClInclude Include="IpAccessControlDialog.h">
      <Filter>Header Files</Filter>
    </ClInclude>
    <ClInclude Include="PasswordControl.h">
      <Filter>Header Files</Filter>
    </ClInclude>
    <ClInclude Include="PortMappingDialog.h">
      <Filter>Header Files</Filter>
    </ClInclude>
    <ClInclude Include="ServerConfigDialog.h">
      <Filter>Header Files</Filter>
    </ClInclude>
    <ClInclude Include="TvnLogFilename.h">
      <Filter>Header Files</Filter>
    </ClInclude>
    <ClInclude Include="UIDataAccess.h">
      <Filter>Header Files</Filter>
    </ClInclude>
    <ClInclude Include="VideoRegionsConfigDialog.h">
      <Filter>Header Files</Filter>
    </ClInclude>
  </ItemGroup>
</Project>