<?xml version="1.0" encoding="utf-8"?>
<Project ToolsVersion="4.0" xmlns="http://schemas.microsoft.com/developer/msbuild/2003">
  <ItemGroup>
    <Filter Include="Source Files">
      <UniqueIdentifier>{4FC737F1-C7A5-4376-A066-2A32D752A2FF}</UniqueIdentifier>
      <Extensions>cpp;c;cc;cxx;def;odl;idl;hpj;bat;asm;asmx</Extensions>
    </Filter>
    <Filter Include="Header Files">
      <UniqueIdentifier>{93995380-89BD-4b04-88EB-625FBE52EBFB}</UniqueIdentifier>
      <Extensions>h;hpp;hxx;hm;inl;inc;xsd</Extensions>
    </Filter>
  </ItemGroup>
  <ItemGroup>
    <ClCompile Include="AboutDialog.cpp">
      <Filter>Source Files</Filter>
    </ClCompile>
    <ClCompile Include="ConnectCommand.cpp">
      <Filter>Source Files</Filter>
    </ClCompile>
    <ClCompile Include="ConnectStringParser.cpp">
      <Filter>Source Files</Filter>
    </ClCompile>
    <ClCompile Include="ControlApplication.cpp">
      <Filter>Source Files</Filter>
    </ClCompile>
    <ClCompile Include="ControlAuth.cpp">
      <Filter>Source Files</Filter>
    </ClCompile>
    <ClCompile Include="ControlAuthDialog.cpp">
      <Filter>Source Files</Filter>
    </ClCompile>
    <ClCompile Include="ControlAuthException.cpp">
      <Filter>Source Files</Filter>
    </ClCompile>
    <ClCompile Include="ControlCommand.cpp">
      <Filter>Source Files</Filter>
    </ClCompile>
    <ClCompile Include="ControlCommandLine.cpp">
      <Filter>Source Files</Filter>
    </ClCompile>
    <ClCompile Include="ControlGate.cpp">
      <Filter>Source Files</Filter>
    </ClCompile>
    <ClCompile Include="ControlMessage.cpp">
      <Filter>Source Files</Filter>
    </ClCompile>
    <ClCompile Include="ControlPipeName.cpp">
      <Filter>Source Files</Filter>
    </ClCompile>
    <ClCompile Include="ControlProxy.cpp">
      <Filter>Source Files</Filter>
    </ClCompile>
    <ClCompile Include="ControlTrayIcon.cpp">
      <Filter>Source Files</Filter>
    </ClCompile>
    <ClCompile Include="DisconnectAllCommand.cpp">
      <Filter>Source Files</Filter>
    </ClCompile>
    <ClCompile Include="MakeRfbConnectionCommand.cpp">
      <Filter>Source Files</Filter>
    </ClCompile>
    <ClCompile Include="NamedPipeTransport.cpp">
      <Filter>Source Files</Filter>
    </ClCompile>
    <ClCompile Include="Notificator.cpp">
      <Filter>Source Files</Filter>
    </ClCompile>
    <ClCompile Include="OutgoingConnectionDialog.cpp">
      <Filter>Source Files</Filter>
    </ClCompile>
    <ClCompile Include="ReloadConfigCommand.cpp">
      <Filter>Source Files</Filter>
    </ClCompile>
    <ClCompile Include="RemoteException.cpp">
      <Filter>Source Files</Filter>
    </ClCompile>
    <ClCompile Include="RfbClientInfo.cpp">
      <Filter>Source Files</Filter>
    </ClCompile>
    <ClCompile Include="ShutdownCommand.cpp">
      <Filter>Source Files</Filter>
    </ClCompile>
    <ClCompile Include="SocketIPv4Transport.cpp">
      <Filter>Source Files</Filter>
    </ClCompile>
    <ClCompile Include="Transport.cpp">
      <Filter>Source Files</Filter>
    </ClCompile>
    <ClCompile Include="TransportFactory.cpp">
      <Filter>Source Files</Filter>
    </ClCompile>
    <ClCompile Include="UpdateLocalConfigCommand.cpp">
      <Filter>Source Files</Filter>
    </ClCompile>
    <ClCompile Include="UpdateRemoteConfigCommand.cpp">
      <Filter>Source Files</Filter>
    </ClCompile>
    <ClCompile Include="TcpDispatcherConnectionDialog.cpp">
      <Filter>Source Files</Filter>
    </ClCompile>
    <ClCompile Include="MakeTcpDispatcherConnCommand.cpp">
      <Filter>Source Files</Filter>
    </ClCompile>
    <ClCompile Include="ShareDisplayCommand.cpp">
      <Filter>Source Files</Filter>
    </ClCompile>
    <ClCompile Include="ShareFullCommand.cpp">
      <Filter>Source Files</Filter>
    </ClCompile>
    <ClCompile Include="SharePrimaryCommand.cpp">
      <Filter>Source Files</Filter>
    </ClCompile>
    <ClCompile Include="ShareRectCommand.cpp">
      <Filter>Source Files</Filter>
    </ClCompile>
    <ClCompile Include="ShareWindowCommand.cpp">
      <Filter>Source Files</Filter>
    </ClCompile>
    <ClCompile Include="SetPasswordsDialog.cpp">
      <Filter>Source Files</Filter>
    </ClCompile>
    <ClCompile Include="ShareAppCommand.cpp">
      <Filter>Source Files</Filter>
    </ClCompile>
    <ClCompile Include="DispatchCommand.cpp">
      <Filter>Source Files</Filter>
    </ClCompile>
  </ItemGroup>
  <ItemGroup>
    <ClInclude Include="AboutDialog.h">
      <Filter>Header Files</Filter>
    </ClInclude>
    <ClInclude Include="ConnectCommand.h">
      <Filter>Header Files</Filter>
    </ClInclude>
    <ClInclude Include="ConnectStringParser.h">
      <Filter>Header Files</Filter>
    </ClInclude>
    <ClInclude Include="ControlApplication.h">
      <Filter>Header Files</Filter>
    </ClInclude>
    <ClInclude Include="ControlAuth.h">
      <Filter>Header Files</Filter>
    </ClInclude>
    <ClInclude Include="ControlAuthDialog.h">
      <Filter>Header Files</Filter>
    </ClInclude>
    <ClInclude Include="ControlAuthException.h">
      <Filter>Header Files</Filter>
    </ClInclude>
    <ClInclude Include="ControlCommand.h">
      <Filter>Header Files</Filter>
    </ClInclude>
    <ClInclude Include="ControlCommandLine.h">
      <Filter>Header Files</Filter>
    </ClInclude>
    <ClInclude Include="ControlGate.h">
      <Filter>Header Files</Filter>
    </ClInclude>
    <ClInclude Include="ControlMessage.h">
      <Filter>Header Files</Filter>
    </ClInclude>
    <ClInclude Include="ControlPipeName.h">
      <Filter>Header Files</Filter>
    </ClInclude>
    <ClInclude Include="ControlProto.h">
      <Filter>Header Files</Filter>
    </ClInclude>
    <ClInclude Include="ControlProxy.h">
      <Filter>Header Files</Filter>
    </ClInclude>
    <ClInclude Include="ControlTrayIcon.h">
      <Filter>Header Files</Filter>
    </ClInclude>
    <ClInclude Include="DisconnectAllCommand.h">
      <Filter>Header Files</Filter>
    </ClInclude>
    <ClInclude Include="MakeRfbConnectionCommand.h">
      <Filter>Header Files</Filter>
    </ClInclude>
    <ClInclude Include="NamedPipeTransport.h">
      <Filter>Header Files</Filter>
    </ClInclude>
    <ClInclude Include="Notificator.h">
      <Filter>Header Files</Filter>
    </ClInclude>
    <ClInclude Include="OutgoingConnectionDialog.h">
      <Filter>Header Files</Filter>
    </ClInclude>
    <ClInclude Include="ReloadConfigCommand.h">
      <Filter>Header Files</Filter>
    </ClInclude>
    <ClInclude Include="RemoteException.h">
      <Filter>Header Files</Filter>
    </ClInclude>
    <ClInclude Include="RfbClientInfo.h">
      <Filter>Header Files</Filter>
    </ClInclude>
    <ClInclude Include="ShutdownCommand.h">
      <Filter>Header Files</Filter>
    </ClInclude>
    <ClInclude Include="SocketIPv4Transport.h">
      <Filter>Header Files</Filter>
    </ClInclude>
    <ClInclude Include="Transport.h">
      <Filter>Header Files</Filter>
    </ClInclude>
    <ClInclude Include="TransportFactory.h">
      <Filter>Header Files</Filter>
    </ClInclude>
    <ClInclude Include="TvnServerInfo.h">
      <Filter>Header Files</Filter>
    </ClInclude>
    <ClInclude Include="UpdateLocalConfigCommand.h">
      <Filter>Header Files</Filter>
    </ClInclude>
    <ClInclude Include="UpdateRemoteConfigCommand.h">
      <Filter>Header Files</Filter>
    </ClInclude>
    <ClInclude Include="TcpDispatcherConnectionDialog.h">
      <Filter>Header Files</Filter>
    </ClInclude>
    <ClInclude Include="MakeTcpDispatcherConnCommand.h">
      <Filter>Header Files</Filter>
    </ClInclude>
    <ClInclude Include="ShareDisplayCommand.h">
      <Filter>Header Files</Filter>
    </ClInclude>
    <ClInclude Include="ShareFullCommand.h">
      <Filter>Header Files</Filter>
    </ClInclude>
    <ClInclude Include="SharePrimaryCommand.h">
      <Filter>Header Files</Filter>
    </ClInclude>
    <ClInclude Include="ShareRectCommand.h">
      <Filter>Header Files</Filter>
    </ClInclude>
    <ClInclude Include="ShareWindowCommand.h">
      <Filter>Header Files</Filter>
    </ClInclude>
    <ClInclude Include="SetPasswordsDialog.h">
      <Filter>Header Files</Filter>
    </ClInclude>
    <ClInclude Include="ShareAppCommand.h">
      <Filter>Header Files</Filter>
    </ClInclude>
    <ClInclude Include="DispatchCommand.h">
      <Filter>Header Files</Filter>
    </ClInclude>
  </ItemGroup>
</Project>