<?xml version="1.0" encoding="utf-8"?>
<Project ToolsVersion="4.0" xmlns="http://schemas.microsoft.com/developer/msbuild/2003">
  <ItemGroup>
    <Filter Include="Source Files">
      <UniqueIdentifier>{4FC737F1-C7A5-4376-A066-2A32D752A2FF}</UniqueIdentifier>
      <Extensions>cpp;c;cc;cxx;def;odl;idl;hpj;bat;asm;asmx</Extensions>
    </Filter>
    <Filter Include="Header Files">
      <UniqueIdentifier>{93995380-89BD-4b04-88EB-625FBE52EBFB}</UniqueIdentifier>
      <Extensions>h;hpp;hxx;hm;inl;inc;xsd</Extensions>
    </Filter>
  </ItemGroup>
  <ItemGroup>
    <ClCompile Include="AdditionalActionApplication.cpp">
      <Filter>Source Files</Filter>
    </ClCompile>
    <ClCompile Include="AuthTracker.cpp">
      <Filter>Source Files</Filter>
    </ClCompile>
    <ClCompile Include="ControlAppAuthenticator.cpp">
      <Filter>Source Files</Filter>
    </ClCompile>
    <ClCompile Include="ControlClient.cpp">
      <Filter>Source Files</Filter>
    </ClCompile>
    <ClCompile Include="ControlServer.cpp">
      <Filter>Source Files</Filter>
    </ClCompile>
    <ClCompile Include="DesktopServerApplication.cpp">
      <Filter>Source Files</Filter>
    </ClCompile>
    <ClCompile Include="DesktopServerCommandLine.cpp">
      <Filter>Source Files</Filter>
    </ClCompile>
    <ClCompile Include="ExtraRfbServers.cpp">
      <Filter>Source Files</Filter>
    </ClCompile>
    <ClCompile Include="OutgoingRfbConnectionThread.cpp">
      <Filter>Source Files</Filter>
    </ClCompile>
    <ClCompile Include="QueryConnectionApplication.cpp">
      <Filter>Source Files</Filter>
    </ClCompile>
    <ClCompile Include="QueryConnectionCommandLine.cpp">
      <Filter>Source Files</Filter>
    </ClCompile>
    <ClCompile Include="QueryConnectionDialog.cpp">
      <Filter>Source Files</Filter>
    </ClCompile>
    <ClCompile Include="RfbClientManager.cpp">
      <Filter>Source Files</Filter>
    </ClCompile>
    <ClCompile Include="RfbClientManagerEventListener.cpp">
      <Filter>Source Files</Filter>
    </ClCompile>
    <ClCompile Include="RfbServer.cpp">
      <Filter>Source Files</Filter>
    </ClCompile>
    <ClCompile Include="ServerCommandLine.cpp">
      <Filter>Source Files</Filter>
    </ClCompile>
    <ClCompile Include="ServiceControlApplication.cpp">
      <Filter>Source Files</Filter>
    </ClCompile>
    <ClCompile Include="ServiceControlCommandLine.cpp">
      <Filter>Source Files</Filter>
    </ClCompile>
    <ClCompile Include="SessionChangesWatcher.cpp">
      <Filter>Source Files</Filter>
    </ClCompile>
    <ClCompile Include="TvnServer.cpp">
      <Filter>Source Files</Filter>
    </ClCompile>
    <ClCompile Include="TvnServerApplication.cpp">
      <Filter>Source Files</Filter>
    </ClCompile>
    <ClCompile Include="TvnServerHelp.cpp">
      <Filter>Source Files</Filter>
    </ClCompile>
    <ClCompile Include="TvnServerListener.cpp">
      <Filter>Source Files</Filter>
    </ClCompile>
    <ClCompile Include="TvnService.cpp">
      <Filter>Source Files</Filter>
    </ClCompile>
    <ClCompile Include="WsConfigRunner.cpp">
      <Filter>Source Files</Filter>
    </ClCompile>
    <ClCompile Include="WinEventLogWriter.cpp">
      <Filter>Source Files</Filter>
    </ClCompile>
    <ClCompile Include="ConnectToTcpDispatcherThread.cpp">
      <Filter>Source Files</Filter>
    </ClCompile>
    <ClCompile Include="NamingDefs.cpp">
      <Filter>Source Files</Filter>
    </ClCompile>
    <ClCompile Include="CrashHook.cpp">
      <Filter>Source Files</Filter>
    </ClCompile>
  </ItemGroup>
  <ItemGroup>
    <ClInclude Include="AdditionalActionApplication.h">
      <Filter>Header Files</Filter>
    </ClInclude>
    <ClInclude Include="AuthTracker.h">
      <Filter>Header Files</Filter>
    </ClInclude>
    <ClInclude Include="ControlAppAuthenticator.h">
      <Filter>Header Files</Filter>
    </ClInclude>
    <ClInclude Include="ControlClient.h">
      <Filter>Header Files</Filter>
    </ClInclude>
    <ClInclude Include="ControlServer.h">
      <Filter>Header Files</Filter>
    </ClInclude>
    <ClInclude Include="DesktopServerApplication.h">
      <Filter>Header Files</Filter>
    </ClInclude>
    <ClInclude Include="DesktopServerCommandLine.h">
      <Filter>Header Files</Filter>
    </ClInclude>
    <ClInclude Include="ExtraRfbServers.h">
      <Filter>Header Files</Filter>
    </ClInclude>
    <ClInclude Include="OutgoingRfbConnectionThread.h">
      <Filter>Header Files</Filter>
    </ClInclude>
    <ClInclude Include="QueryConnectionApplication.h">
      <Filter>Header Files</Filter>
    </ClInclude>
    <ClInclude Include="QueryConnectionCommandLine.h">
      <Filter>Header Files</Filter>
    </ClInclude>
    <ClInclude Include="QueryConnectionDialog.h">
      <Filter>Header Files</Filter>
    </ClInclude>
    <ClInclude Include="RfbClientManager.h">
      <Filter>Header Files</Filter>
    </ClInclude>
    <ClInclude Include="RfbClientManagerEventListener.h">
      <Filter>Header Files</Filter>
    </ClInclude>
    <ClInclude Include="RfbServer.h">
      <Filter>Header Files</Filter>
    </ClInclude>
    <ClInclude Include="ServerCommandLine.h">
      <Filter>Header Files</Filter>
    </ClInclude>
    <ClInclude Include="ServiceControlApplication.h">
      <Filter>Header Files</Filter>
    </ClInclude>
    <ClInclude Include="ServiceControlCommandLine.h">
      <Filter>Header Files</Filter>
    </ClInclude>
    <ClInclude Include="SessionChangesWatcher.h">
      <Filter>Header Files</Filter>
    </ClInclude>
    <ClInclude Include="TvnServer.h">
      <Filter>Header Files</Filter>
    </ClInclude>
    <ClInclude Include="TvnServerApplication.h">
      <Filter>Header Files</Filter>
    </ClInclude>
    <ClInclude Include="TvnServerHelp.h">
      <Filter>Header Files</Filter>
    </ClInclude>
    <ClInclude Include="TvnServerListener.h">
      <Filter>Header Files</Filter>
    </ClInclude>
    <ClInclude Include="TvnService.h">
      <Filter>Header Files</Filter>
    </ClInclude>
    <ClInclude Include="WsConfigRunner.h">
      <Filter>Header Files</Filter>
    </ClInclude>
    <ClInclude Include="WinEventLogWriter.h">
      <Filter>Header Files</Filter>
    </ClInclude>
    <ClInclude Include="ConnectToTcpDispatcherThread.h">
      <Filter>Header Files</Filter>
    </ClInclude>
    <ClInclude Include="NamingDefs.h">
      <Filter>Header Files</Filter>
    </ClInclude>
    <ClInclude Include="CrashHook.h">
      <Filter>Header Files</Filter>
    </ClInclude>
    <ClInclude Include="WinServiceEvents.h">
      <Filter>Header Files</Filter>
    </ClInclude>
  </ItemGroup>
</Project>