<?xml version="1.0" encoding="utf-8"?>
<Project ToolsVersion="4.0" xmlns="http://schemas.microsoft.com/developer/msbuild/2003">
  <ItemGroup>
    <Filter Include="Source Files">
      <UniqueIdentifier>{4FC737F1-C7A5-4376-A066-2A32D752A2FF}</UniqueIdentifier>
      <Extensions>cpp;c;cc;cxx;def;odl;idl;hpj;bat;asm;asmx</Extensions>
    </Filter>
    <Filter Include="Header Files">
      <UniqueIdentifier>{93995380-89BD-4b04-88EB-625FBE52EBFB}</UniqueIdentifier>
      <Extensions>h;hpp;hxx;hm;inl;inc;xsd</Extensions>
    </Filter>
  </ItemGroup>
  <ItemGroup>
    <ClCompile Include="ConnectionTimer.cpp">
      <Filter>Source Files</Filter>
    </ClCompile>
    <ClCompile Include="ListenLogServer.cpp">
      <Filter>Source Files</Filter>
    </ClCompile>
    <ClCompile Include="LogConn.cpp">
      <Filter>Source Files</Filter>
    </ClCompile>
    <ClCompile Include="LogLevelSender.cpp">
      <Filter>Source Files</Filter>
    </ClCompile>
    <ClCompile Include="LogServer.cpp">
      <Filter>Source Files</Filter>
    </ClCompile>
    <ClCompile Include="SecurityPipeClient.cpp">
      <Filter>Source Files</Filter>
    </ClCompile>
    <ClCompile Include="SecurityPipeServer.cpp">
      <Filter>Source Files</Filter>
    </ClCompile>
    <ClCompile Include="ClientLogger.cpp">
      <Filter>Source Files</Filter>
    </ClCompile>
  </ItemGroup>
  <ItemGroup>
    <ClInclude Include="ConnectionListener.h">
      <Filter>Header Files</Filter>
    </ClInclude>
    <ClInclude Include="ConnectionTimer.h">
      <Filter>Header Files</Filter>
    </ClInclude>
    <ClInclude Include="FileLogDefs.h">
      <Filter>Header Files</Filter>
    </ClInclude>
    <ClInclude Include="ListenLogServer.h">
      <Filter>Header Files</Filter>
    </ClInclude>
    <ClInclude Include="LogConn.h">
      <Filter>Header Files</Filter>
    </ClInclude>
    <ClInclude Include="LogConnAuthListener.h">
      <Filter>Header Files</Filter>
    </ClInclude>
    <ClInclude Include="LogLevelSender.h">
      <Filter>Header Files</Filter>
    </ClInclude>
    <ClInclude Include="LogListener.h">
      <Filter>Header Files</Filter>
    </ClInclude>
    <ClInclude Include="LogServer.h">
      <Filter>Header Files</Filter>
    </ClInclude>
    <ClInclude Include="SecurityPipeClient.h">
      <Filter>Header Files</Filter>
    </ClInclude>
    <ClInclude Include="SecurityPipeServer.h">
      <Filter>Header Files</Filter>
    </ClInclude>
    <ClInclude Include="TimerListener.h">
      <Filter>Header Files</Filter>
    </ClInclude>
    <ClInclude Include="ClientLogger.h">
      <Filter>Header Files</Filter>
    </ClInclude>
  </ItemGroup>
</Project>