<?xml version="1.0" encoding="utf-8"?>
<Project ToolsVersion="4.0" xmlns="http://schemas.microsoft.com/developer/msbuild/2003">
  <ItemGroup>
    <Filter Include="Source Files">
      <UniqueIdentifier>{4FC737F1-C7A5-4376-A066-2A32D752A2FF}</UniqueIdentifier>
      <Extensions>cpp;c;cc;cxx;def;odl;idl;hpj;bat;asm;asmx</Extensions>
    </Filter>
    <Filter Include="Header Files">
      <UniqueIdentifier>{93995380-89BD-4b04-88EB-625FBE52EBFB}</UniqueIdentifier>
      <Extensions>h;hpp;hxx;hm;inl;inc;xsd</Extensions>
    </Filter>
  </ItemGroup>
  <ItemGroup>
    <ClCompile Include="CapContainer.cpp">
      <Filter>Source Files</Filter>
    </ClCompile>
    <ClCompile Include="ClientInputHandler.cpp">
      <Filter>Source Files</Filter>
    </ClCompile>
    <ClCompile Include="ClipboardExchange.cpp">
      <Filter>Source Files</Filter>
    </ClCompile>
    <ClCompile Include="RfbClient.cpp">
      <Filter>Source Files</Filter>
    </ClCompile>
    <ClCompile Include="RfbCodeRegistrator.cpp">
      <Filter>Source Files</Filter>
    </ClCompile>
    <ClCompile Include="RfbDispatcher.cpp">
      <Filter>Source Files</Filter>
    </ClCompile>
    <ClCompile Include="RfbInitializer.cpp">
      <Filter>Source Files</Filter>
    </ClCompile>
    <ClCompile Include="EncodeOptions.cpp">
      <Filter>Source Files</Filter>
    </ClCompile>
    <ClCompile Include="Encoder.cpp">
      <Filter>Source Files</Filter>
    </ClCompile>
    <ClCompile Include="EncoderStore.cpp">
      <Filter>Source Files</Filter>
    </ClCompile>
    <ClCompile Include="HextileEncoder.cpp">
      <Filter>Source Files</Filter>
    </ClCompile>
    <ClCompile Include="JpegCompressor.cpp">
      <Filter>Source Files</Filter>
    </ClCompile>
    <ClCompile Include="JpegEncoder.cpp">
      <Filter>Source Files</Filter>
    </ClCompile>
    <ClCompile Include="TightEncoder.cpp">
      <Filter>Source Files</Filter>
    </ClCompile>
    <ClCompile Include="TightPalette.cpp">
      <Filter>Source Files</Filter>
    </ClCompile>
    <ClCompile Include="RreEncoder.cpp">
      <Filter>Source Files</Filter>
    </ClCompile>
    <ClCompile Include="ZrleEncoder.cpp">
      <Filter>Source Files</Filter>
    </ClCompile>
  </ItemGroup>
  <ItemGroup>
    <ClInclude Include="AuthException.h">
      <Filter>Header Files</Filter>
    </ClInclude>
    <ClInclude Include="CapContainer.h">
      <Filter>Header Files</Filter>
    </ClInclude>
    <ClInclude Include="ClientAuthListener.h">
      <Filter>Header Files</Filter>
    </ClInclude>
    <ClInclude Include="ClientInputEventListener.h">
      <Filter>Header Files</Filter>
    </ClInclude>
    <ClInclude Include="ClientInputHandler.h">
      <Filter>Header Files</Filter>
    </ClInclude>
    <ClInclude Include="ClientTerminationListener.h">
      <Filter>Header Files</Filter>
    </ClInclude>
    <ClInclude Include="ClipboardExchange.h">
      <Filter>Header Files</Filter>
    </ClInclude>
    <ClInclude Include="RfbClient.h">
      <Filter>Header Files</Filter>
    </ClInclude>
    <ClInclude Include="RfbCodeRegistrator.h">
      <Filter>Header Files</Filter>
    </ClInclude>
    <ClInclude Include="RfbDispatcher.h">
      <Filter>Header Files</Filter>
    </ClInclude>
    <ClInclude Include="RfbDispatcherListener.h">
      <Filter>Header Files</Filter>
    </ClInclude>
    <ClInclude Include="RfbInitializer.h">
      <Filter>Header Files</Filter>
    </ClInclude>
    <ClInclude Include="EncodeOptions.h">
      <Filter>Header Files</Filter>
    </ClInclude>
    <ClInclude Include="Encoder.h">
      <Filter>Header Files</Filter>
    </ClInclude>
    <ClInclude Include="EncoderStore.h">
      <Filter>Header Files</Filter>
    </ClInclude>
    <ClInclude Include="HextileEncoder.h">
      <Filter>Header Files</Filter>
    </ClInclude>
    <ClInclude Include="HextileTile.h">
      <Filter>Header Files</Filter>
    </ClInclude>
    <ClInclude Include="JpegCompressor.h">
      <Filter>Header Files</Filter>
    </ClInclude>
    <ClInclude Include="JpegEncoder.h">
      <Filter>Header Files</Filter>
    </ClInclude>
    <ClInclude Include="TightEncoder.h">
      <Filter>Header Files</Filter>
    </ClInclude>
    <ClInclude Include="TightPalette.h">
      <Filter>Header Files</Filter>
    </ClInclude>
    <ClInclude Include="RreEncoder.h">
      <Filter>Header Files</Filter>
    </ClInclude>
    <ClInclude Include="ZrleEncoder.h">
      <Filter>Header Files</Filter>
    </ClInclude>
  </ItemGroup>
</Project>